{
  "pins" : [
    {
      "identity" : "iqkeyboardmanager",
      "kind" : "remoteSourceControl",
      "location" : "https://github.com/hackiftekhar/IQKeyboardManager.git",
      "state" : {
        "revision" : "aa656e1f0d95f0154622f453599318602848be3b",
        "version" : "7.0.1"
      }
    },
    {
      "identity" : "lottie-spm",
      "kind" : "remoteSourceControl",
      "location" : "https://github.com/airbnb/lottie-spm.git",
      "state" : {
        "revision" : "26d84192430ed5b104d64b8086872bb4979d65a4",
        "version" : "4.4.0"
      }
    }
  ],
  "version" : 2
}
