// !$*UTF8*$!
{
	archiveVersion = 1;
	classes = {
	};
	objectVersion = 56;
	objects = {

/* Begin PBXBuildFile section */
		953A64ED2B6EDFA000651684 /* AppDelegate.swift in Sources */ = {isa = PBXBuildFile; fileRef = 953A64EC2B6EDFA000651684 /* AppDelegate.swift */; };
		953A64EF2B6EDFA000651684 /* SceneDelegate.swift in Sources */ = {isa = PBXBuildFile; fileRef = 953A64EE2B6EDFA000651684 /* SceneDelegate.swift */; };
		953A64F12B6EDFA000651684 /* HomeViewController.swift in Sources */ = {isa = PBXBuildFile; fileRef = 953A64F02B6EDFA000651684 /* HomeViewController.swift */; };
		953A64F42B6EDFA000651684 /* Main.storyboard in Resources */ = {isa = PBXBuildFile; fileRef = 953A64F22B6EDFA000651684 /* Main.storyboard */; };
		953A64F62B6EDFA200651684 /* Assets.xcassets in Resources */ = {isa = PBXBuildFile; fileRef = 953A64F52B6EDFA200651684 /* Assets.xcassets */; };
		953A64F92B6EDFA200651684 /* LaunchScreen.storyboard in Resources */ = {isa = PBXBuildFile; fileRef = 953A64F72B6EDFA200651684 /* LaunchScreen.storyboard */; };
		953A65022B6EE67B00651684 /* Lottie in Frameworks */ = {isa = PBXBuildFile; productRef = 953A65012B6EE67B00651684 /* Lottie */; };
		957C02D22B6F77F900DE21DE /* SurveyListViewController.swift in Sources */ = {isa = PBXBuildFile; fileRef = 957C02D12B6F77F900DE21DE /* SurveyListViewController.swift */; };
		95B1CEF52B6F97DB00101423 /* IQKeyboardManagerSwift in Frameworks */ = {isa = PBXBuildFile; productRef = 95B1CEF42B6F97DB00101423 /* IQKeyboardManagerSwift */; };
		95B1CEF82B6FD59900101423 /* GoogleService-Info.plist in Resources */ = {isa = PBXBuildFile; fileRef = 95B1CEF72B6FD59900101423 /* GoogleService-Info.plist */; };
		95B1CEFB2B6FD87600101423 /* FirebaseAnalytics in Frameworks */ = {isa = PBXBuildFile; productRef = 95B1CEFA2B6FD87600101423 /* FirebaseAnalytics */; };
		95B1CEFD2B6FD87600101423 /* FirebaseAuth in Frameworks */ = {isa = PBXBuildFile; productRef = 95B1CEFC2B6FD87600101423 /* FirebaseAuth */; };
		95B1CEFF2B6FD87600101423 /* FirebaseDatabase in Frameworks */ = {isa = PBXBuildFile; productRef = 95B1CEFE2B6FD87600101423 /* FirebaseDatabase */; };
		95B1CF012B6FD87600101423 /* FirebaseFirestore in Frameworks */ = {isa = PBXBuildFile; productRef = 95B1CF002B6FD87600101423 /* FirebaseFirestore */; };
		95B1CF032B6FD87700101423 /* FirebaseStorage in Frameworks */ = {isa = PBXBuildFile; productRef = 95B1CF022B6FD87700101423 /* FirebaseStorage */; };
		95CEFFD02B6F34CF00C527D1 /* LaunchScreenViewController.swift in Sources */ = {isa = PBXBuildFile; fileRef = 95CEFFCF2B6F34CF00C527D1 /* LaunchScreenViewController.swift */; };
		95CEFFD42B6F365600C527D1 /* LaunchAnimation.json in Resources */ = {isa = PBXBuildFile; fileRef = 95CEFFD32B6F365600C527D1 /* LaunchAnimation.json */; };
/* End PBXBuildFile section */

/* Begin PBXFileReference section */
		953A64E92B6EDFA000651684 /* MentalHealth.app */ = {isa = PBXFileReference; explicitFileType = wrapper.application; includeInIndex = 0; path = MentalHealth.app; sourceTree = BUILT_PRODUCTS_DIR; };
		953A64EC2B6EDFA000651684 /* AppDelegate.swift */ = {isa = PBXFileReference; lastKnownFileType = sourcecode.swift; path = AppDelegate.swift; sourceTree = "<group>"; };
		953A64EE2B6EDFA000651684 /* SceneDelegate.swift */ = {isa = PBXFileReference; lastKnownFileType = sourcecode.swift; path = SceneDelegate.swift; sourceTree = "<group>"; };
		953A64F02B6EDFA000651684 /* HomeViewController.swift */ = {isa = PBXFileReference; lastKnownFileType = sourcecode.swift; path = HomeViewController.swift; sourceTree = "<group>"; };
		953A64F32B6EDFA000651684 /* Base */ = {isa = PBXFileReference; lastKnownFileType = file.storyboard; name = Base; path = Base.lproj/Main.storyboard; sourceTree = "<group>"; };
		953A64F52B6EDFA200651684 /* Assets.xcassets */ = {isa = PBXFileReference; lastKnownFileType = folder.assetcatalog; path = Assets.xcassets; sourceTree = "<group>"; };
		953A64F82B6EDFA200651684 /* Base */ = {isa = PBXFileReference; lastKnownFileType = file.storyboard; name = Base; path = Base.lproj/LaunchScreen.storyboard; sourceTree = "<group>"; };
		953A64FA2B6EDFA200651684 /* Info.plist */ = {isa = PBXFileReference; lastKnownFileType = text.plist.xml; path = Info.plist; sourceTree = "<group>"; };
		957C02D12B6F77F900DE21DE /* SurveyListViewController.swift */ = {isa = PBXFileReference; lastKnownFileType = sourcecode.swift; path = SurveyListViewController.swift; sourceTree = "<group>"; };
		95B1CEF72B6FD59900101423 /* GoogleService-Info.plist */ = {isa = PBXFileReference; fileEncoding = 4; lastKnownFileType = text.plist.xml; path = "GoogleService-Info.plist"; sourceTree = "<group>"; };
		95CEFFCF2B6F34CF00C527D1 /* LaunchScreenViewController.swift */ = {isa = PBXFileReference; lastKnownFileType = sourcecode.swift; path = LaunchScreenViewController.swift; sourceTree = "<group>"; };
		95CEFFD32B6F365600C527D1 /* LaunchAnimation.json */ = {isa = PBXFileReference; fileEncoding = 4; lastKnownFileType = text.json; path = LaunchAnimation.json; sourceTree = "<group>"; };
/* End PBXFileReference section */

/* Begin PBXFrameworksBuildPhase section */
		953A64E62B6EDFA000651684 /* Frameworks */ = {
			isa = PBXFrameworksBuildPhase;
			buildActionMask = 2147483647;
			files = (
				95B1CEFF2B6FD87600101423 /* FirebaseDatabase in Frameworks */,
				953A65022B6EE67B00651684 /* Lottie in Frameworks */,
				95B1CEF52B6F97DB00101423 /* IQKeyboardManagerSwift in Frameworks */,
				95B1CEFB2B6FD87600101423 /* FirebaseAnalytics in Frameworks */,
				95B1CF032B6FD87700101423 /* FirebaseStorage in Frameworks */,
				95B1CEFD2B6FD87600101423 /* FirebaseAuth in Frameworks */,
				95B1CF012B6FD87600101423 /* FirebaseFirestore in Frameworks */,
			);
			runOnlyForDeploymentPostprocessing = 0;
		};
/* End PBXFrameworksBuildPhase section */

/* Begin PBXGroup section */
		953A64E02B6EDFA000651684 = {
			isa = PBXGroup;
			children = (
				953A64EB2B6EDFA000651684 /* MentalHealth */,
				953A64EA2B6EDFA000651684 /* Products */,
			);
			sourceTree = "<group>";
		};
		953A64EA2B6EDFA000651684 /* Products */ = {
			isa = PBXGroup;
			children = (
				953A64E92B6EDFA000651684 /* MentalHealth.app */,
			);
			name = Products;
			sourceTree = "<group>";
		};
		953A64EB2B6EDFA000651684 /* MentalHealth */ = {
			isa = PBXGroup;
			children = (
				957C02D02B6F77DD00DE21DE /* SurveyScreen */,
				95CEFFD12B6F358D00C527D1 /* Assets */,
				953A65042B6EE8DB00651684 /* AccountScreen */,
				953A65032B6EE8CE00651684 /* HomeScreen */,
				95CEFFD52B6F667A00C527D1 /* StoryBoard */,
				95B1CEF62B6FD57D00101423 /* Common */,
				953A64FA2B6EDFA200651684 /* Info.plist */,
				95B1CEF72B6FD59900101423 /* GoogleService-Info.plist */,
				95CEFFCF2B6F34CF00C527D1 /* LaunchScreenViewController.swift */,
			);
			path = MentalHealth;
			sourceTree = "<group>";
		};
		953A65032B6EE8CE00651684 /* HomeScreen */ = {
			isa = PBXGroup;
			children = (
				953A64F02B6EDFA000651684 /* HomeViewController.swift */,
			);
			path = HomeScreen;
			sourceTree = "<group>";
		};
		953A65042B6EE8DB00651684 /* AccountScreen */ = {
			isa = PBXGroup;
			children = (
			);
			path = AccountScreen;
			sourceTree = "<group>";
		};
		957C02D02B6F77DD00DE21DE /* SurveyScreen */ = {
			isa = PBXGroup;
			children = (
				957C02D12B6F77F900DE21DE /* SurveyListViewController.swift */,
			);
			path = SurveyScreen;
			sourceTree = "<group>";
		};
		95B1CEF62B6FD57D00101423 /* Common */ = {
			isa = PBXGroup;
			children = (
				953A64EC2B6EDFA000651684 /* AppDelegate.swift */,
				953A64EE2B6EDFA000651684 /* SceneDelegate.swift */,
			);
			path = Common;
			sourceTree = "<group>";
		};
		95CEFFD12B6F358D00C527D1 /* Assets */ = {
			isa = PBXGroup;
			children = (
				95CEFFD22B6F35B000C527D1 /* Animations */,
				953A64F52B6EDFA200651684 /* Assets.xcassets */,
			);
			path = Assets;
			sourceTree = "<group>";
		};
		95CEFFD22B6F35B000C527D1 /* Animations */ = {
			isa = PBXGroup;
			children = (
				95CEFFD32B6F365600C527D1 /* LaunchAnimation.json */,
			);
			path = Animations;
			sourceTree = "<group>";
		};
		95CEFFD52B6F667A00C527D1 /* StoryBoard */ = {
			isa = PBXGroup;
			children = (
				953A64F22B6EDFA000651684 /* Main.storyboard */,
				953A64F72B6EDFA200651684 /* LaunchScreen.storyboard */,
			);
			path = StoryBoard;
			sourceTree = "<group>";
		};
/* End PBXGroup section */

/* Begin PBXNativeTarget section */
		953A64E82B6EDFA000651684 /* MentalHealth */ = {
			isa = PBXNativeTarget;
			buildConfigurationList = 953A64FD2B6EDFA200651684 /* Build configuration list for PBXNativeTarget "MentalHealth" */;
			buildPhases = (
				953A64E52B6EDFA000651684 /* Sources */,
				953A64E62B6EDFA000651684 /* Frameworks */,
				953A64E72B6EDFA000651684 /* Resources */,
			);
			buildRules = (
			);
			dependencies = (
			);
			name = MentalHealth;
			packageProductDependencies = (
				953A65012B6EE67B00651684 /* Lottie */,
				95B1CEF42B6F97DB00101423 /* IQKeyboardManagerSwift */,
				95B1CEFA2B6FD87600101423 /* FirebaseAnalytics */,
				95B1CEFC2B6FD87600101423 /* FirebaseAuth */,
				95B1CEFE2B6FD87600101423 /* FirebaseDatabase */,
				95B1CF002B6FD87600101423 /* FirebaseFirestore */,
				95B1CF022B6FD87700101423 /* FirebaseStorage */,
			);
			productName = MentalHealth;
			productReference = 953A64E92B6EDFA000651684 /* MentalHealth.app */;
			productType = "com.apple.product-type.application";
		};
/* End PBXNativeTarget section */

/* Begin PBXProject section */
		953A64E12B6EDFA000651684 /* Project object */ = {
			isa = PBXProject;
			attributes = {
				BuildIndependentTargetsInParallel = 1;
				LastSwiftUpdateCheck = 1430;
				LastUpgradeCheck = 1430;
				TargetAttributes = {
					953A64E82B6EDFA000651684 = {
						CreatedOnToolsVersion = 14.3.1;
					};
				};
			};
			buildConfigurationList = 953A64E42B6EDFA000651684 /* Build configuration list for PBXProject "MentalHealth" */;
			compatibilityVersion = "Xcode 14.0";
			developmentRegion = en;
			hasScannedForEncodings = 0;
			knownRegions = (
				en,
				Base,
			);
			mainGroup = 953A64E02B6EDFA000651684;
			packageReferences = (
				953A65002B6EE67B00651684 /* XCRemoteSwiftPackageReference "lottie-ios" */,
				95B1CEF32B6F97DB00101423 /* XCRemoteSwiftPackageReference "IQKeyboardManager" */,
				95B1CEF92B6FD87600101423 /* XCRemoteSwiftPackageReference "firebase-ios-sdk" */,
			);
			productRefGroup = 953A64EA2B6EDFA000651684 /* Products */;
			projectDirPath = "";
			projectRoot = "";
			targets = (
				953A64E82B6EDFA000651684 /* MentalHealth */,
			);
		};
/* End PBXProject section */

/* Begin PBXResourcesBuildPhase section */
		953A64E72B6EDFA000651684 /* Resources */ = {
			isa = PBXResourcesBuildPhase;
			buildActionMask = 2147483647;
			files = (
				953A64F92B6EDFA200651684 /* LaunchScreen.storyboard in Resources */,
				953A64F62B6EDFA200651684 /* Assets.xcassets in Resources */,
				95B1CEF82B6FD59900101423 /* GoogleService-Info.plist in Resources */,
				953A64F42B6EDFA000651684 /* Main.storyboard in Resources */,
				95CEFFD42B6F365600C527D1 /* LaunchAnimation.json in Resources */,
			);
			runOnlyForDeploymentPostprocessing = 0;
		};
/* End PBXResourcesBuildPhase section */

/* Begin PBXSourcesBuildPhase section */
		953A64E52B6EDFA000651684 /* Sources */ = {
			isa = PBXSourcesBuildPhase;
			buildActionMask = 2147483647;
			files = (
				953A64F12B6EDFA000651684 /* HomeViewController.swift in Sources */,
				957C02D22B6F77F900DE21DE /* SurveyListViewController.swift in Sources */,
				953A64ED2B6EDFA000651684 /* AppDelegate.swift in Sources */,
				95CEFFD02B6F34CF00C527D1 /* LaunchScreenViewController.swift in Sources */,
				953A64EF2B6EDFA000651684 /* SceneDelegate.swift in Sources */,
			);
			runOnlyForDeploymentPostprocessing = 0;
		};
/* End PBXSourcesBuildPhase section */

/* Begin PBXVariantGroup section */
		953A64F22B6EDFA000651684 /* Main.storyboard */ = {
			isa = PBXVariantGroup;
			children = (
				953A64F32B6EDFA000651684 /* Base */,
			);
			name = Main.storyboard;
			sourceTree = "<group>";
		};
		953A64F72B6EDFA200651684 /* LaunchScreen.storyboard */ = {
			isa = PBXVariantGroup;
			children = (
				953A64F82B6EDFA200651684 /* Base */,
			);
			name = LaunchScreen.storyboard;
			sourceTree = "<group>";
		};
/* End PBXVariantGroup section */

/* Begin XCBuildConfiguration section */
		953A64FB2B6EDFA200651684 /* Debug */ = {
			isa = XCBuildConfiguration;
			buildSettings = {
				ALWAYS_SEARCH_USER_PATHS = NO;
				CLANG_ANALYZER_NONNULL = YES;
				CLANG_ANALYZER_NUMBER_OBJECT_CONVERSION = YES_AGGRESSIVE;
				CLANG_CXX_LANGUAGE_STANDARD = "gnu++20";
				CLANG_ENABLE_MODULES = YES;
				CLANG_ENABLE_OBJC_ARC = YES;
				CLANG_ENABLE_OBJC_WEAK = YES;
				CLANG_WARN_BLOCK_CAPTURE_AUTORELEASING = YES;
				CLANG_WARN_BOOL_CONVERSION = YES;
				CLANG_WARN_COMMA = YES;
				CLANG_WARN_CONSTANT_CONVERSION = YES;
				CLANG_WARN_DEPRECATED_OBJC_IMPLEMENTATIONS = YES;
				CLANG_WARN_DIRECT_OBJC_ISA_USAGE = YES_ERROR;
				CLANG_WARN_DOCUMENTATION_COMMENTS = YES;
				CLANG_WARN_EMPTY_BODY = YES;
				CLANG_WARN_ENUM_CONVERSION = YES;
				CLANG_WARN_INFINITE_RECURSION = YES;
				CLANG_WARN_INT_CONVERSION = YES;
				CLANG_WARN_NON_LITERAL_NULL_CONVERSION = YES;
				CLANG_WARN_OBJC_IMPLICIT_RETAIN_SELF = YES;
				CLANG_WARN_OBJC_LITERAL_CONVERSION = YES;
				CLANG_WARN_OBJC_ROOT_CLASS = YES_ERROR;
				CLANG_WARN_QUOTED_INCLUDE_IN_FRAMEWORK_HEADER = YES;
				CLANG_WARN_RANGE_LOOP_ANALYSIS = YES;
				CLANG_WARN_STRICT_PROTOTYPES = YES;
				CLANG_WARN_SUSPICIOUS_MOVE = YES;
				CLANG_WARN_UNGUARDED_AVAILABILITY = YES_AGGRESSIVE;
				CLANG_WARN_UNREACHABLE_CODE = YES;
				CLANG_WARN__DUPLICATE_METHOD_MATCH = YES;
				COPY_PHASE_STRIP = NO;
				DEBUG_INFORMATION_FORMAT = dwarf;
				ENABLE_STRICT_OBJC_MSGSEND = YES;
				ENABLE_TESTABILITY = YES;
				GCC_C_LANGUAGE_STANDARD = gnu11;
				GCC_DYNAMIC_NO_PIC = NO;
				GCC_NO_COMMON_BLOCKS = YES;
				GCC_OPTIMIZATION_LEVEL = 0;
				GCC_PREPROCESSOR_DEFINITIONS = (
					"DEBUG=1",
					"$(inherited)",
				);
				GCC_WARN_64_TO_32_BIT_CONVERSION = YES;
				GCC_WARN_ABOUT_RETURN_TYPE = YES_ERROR;
				GCC_WARN_UNDECLARED_SELECTOR = YES;
				GCC_WARN_UNINITIALIZED_AUTOS = YES_AGGRESSIVE;
				GCC_WARN_UNUSED_FUNCTION = YES;
				GCC_WARN_UNUSED_VARIABLE = YES;
				IPHONEOS_DEPLOYMENT_TARGET = 15.0;
				MTL_ENABLE_DEBUG_INFO = INCLUDE_SOURCE;
				MTL_FAST_MATH = YES;
				ONLY_ACTIVE_ARCH = YES;
				SDKROOT = iphoneos;
				SWIFT_ACTIVE_COMPILATION_CONDITIONS = DEBUG;
				SWIFT_OPTIMIZATION_LEVEL = "-Onone";
			};
			name = Debug;
		};
		953A64FC2B6EDFA200651684 /* Release */ = {
			isa = XCBuildConfiguration;
			buildSettings = {
				ALWAYS_SEARCH_USER_PATHS = NO;
				CLANG_ANALYZER_NONNULL = YES;
				CLANG_ANALYZER_NUMBER_OBJECT_CONVERSION = YES_AGGRESSIVE;
				CLANG_CXX_LANGUAGE_STANDARD = "gnu++20";
				CLANG_ENABLE_MODULES = YES;
				CLANG_ENABLE_OBJC_ARC = YES;
				CLANG_ENABLE_OBJC_WEAK = YES;
				CLANG_WARN_BLOCK_CAPTURE_AUTORELEASING = YES;
				CLANG_WARN_BOOL_CONVERSION = YES;
				CLANG_WARN_COMMA = YES;
				CLANG_WARN_CONSTANT_CONVERSION = YES;
				CLANG_WARN_DEPRECATED_OBJC_IMPLEMENTATIONS = YES;
				CLANG_WARN_DIRECT_OBJC_ISA_USAGE = YES_ERROR;
				CLANG_WARN_DOCUMENTATION_COMMENTS = YES;
				CLANG_WARN_EMPTY_BODY = YES;
				CLANG_WARN_ENUM_CONVERSION = YES;
				CLANG_WARN_INFINITE_RECURSION = YES;
				CLANG_WARN_INT_CONVERSION = YES;
				CLANG_WARN_NON_LITERAL_NULL_CONVERSION = YES;
				CLANG_WARN_OBJC_IMPLICIT_RETAIN_SELF = YES;
				CLANG_WARN_OBJC_LITERAL_CONVERSION = YES;
				CLANG_WARN_OBJC_ROOT_CLASS = YES_ERROR;
				CLANG_WARN_QUOTED_INCLUDE_IN_FRAMEWORK_HEADER = YES;
				CLANG_WARN_RANGE_LOOP_ANALYSIS = YES;
				CLANG_WARN_STRICT_PROTOTYPES = YES;
				CLANG_WARN_SUSPICIOUS_MOVE = YES;
				CLANG_WARN_UNGUARDED_AVAILABILITY = YES_AGGRESSIVE;
				CLANG_WARN_UNREACHABLE_CODE = YES;
				CLANG_WARN__DUPLICATE_METHOD_MATCH = YES;
				COPY_PHASE_STRIP = NO;
				DEBUG_INFORMATION_FORMAT = "dwarf-with-dsym";
				ENABLE_NS_ASSERTIONS = NO;
				ENABLE_STRICT_OBJC_MSGSEND = YES;
				GCC_C_LANGUAGE_STANDARD = gnu11;
				GCC_NO_COMMON_BLOCKS = YES;
				GCC_WARN_64_TO_32_BIT_CONVERSION = YES;
				GCC_WARN_ABOUT_RETURN_TYPE = YES_ERROR;
				GCC_WARN_UNDECLARED_SELECTOR = YES;
				GCC_WARN_UNINITIALIZED_AUTOS = YES_AGGRESSIVE;
				GCC_WARN_UNUSED_FUNCTION = YES;
				GCC_WARN_UNUSED_VARIABLE = YES;
				IPHONEOS_DEPLOYMENT_TARGET = 15.0;
				MTL_ENABLE_DEBUG_INFO = NO;
				MTL_FAST_MATH = YES;
				SDKROOT = iphoneos;
				SWIFT_COMPILATION_MODE = wholemodule;
				SWIFT_OPTIMIZATION_LEVEL = "-O";
				VALIDATE_PRODUCT = YES;
			};
			name = Release;
		};
		953A64FE2B6EDFA200651684 /* Debug */ = {
			isa = XCBuildConfiguration;
			buildSettings = {
				ASSETCATALOG_COMPILER_APPICON_NAME = AppIcon;
				ASSETCATALOG_COMPILER_GLOBAL_ACCENT_COLOR_NAME = AccentColor;
				CODE_SIGN_STYLE = Automatic;
				CURRENT_PROJECT_VERSION = 1;
				DEVELOPMENT_ASSET_PATHS = MentalHealth/Assets/Assets.xcassets;
				DEVELOPMENT_TEAM = M5Z7JPLW6N;
				GENERATE_INFOPLIST_FILE = YES;
				INFOPLIST_FILE = MentalHealth/Info.plist;
				INFOPLIST_KEY_LSApplicationCategoryType = "public.app-category.healthcare-fitness";
				INFOPLIST_KEY_UIApplicationSupportsIndirectInputEvents = YES;
				INFOPLIST_KEY_UILaunchStoryboardName = LaunchScreen.storyboard;
				INFOPLIST_KEY_UIMainStoryboardFile = Main;
				INFOPLIST_KEY_UIStatusBarStyle = "";
				INFOPLIST_KEY_UISupportedInterfaceOrientations = UIInterfaceOrientationPortrait;
				IPHONEOS_DEPLOYMENT_TARGET = 15.0;
				LD_RUNPATH_SEARCH_PATHS = (
					"$(inherited)",
					"@executable_path/Frameworks",
				);
				MARKETING_VERSION = 1.0;
				PRODUCT_BUNDLE_IDENTIFIER = "com.dennis-hong.MentalHealth";
				PRODUCT_NAME = "$(TARGET_NAME)";
				SUPPORTED_PLATFORMS = "iphoneos iphonesimulator";
				SUPPORTS_MACCATALYST = NO;
				SUPPORTS_MAC_DESIGNED_FOR_IPHONE_IPAD = NO;
				SWIFT_EMIT_LOC_STRINGS = YES;
				SWIFT_VERSION = 5.0;
				TARGETED_DEVICE_FAMILY = "1,2";
			};
			name = Debug;
		};
		953A64FF2B6EDFA200651684 /* Release */ = {
			isa = XCBuildConfiguration;
			buildSettings = {
				ASSETCATALOG_COMPILER_APPICON_NAME = AppIcon;
				ASSETCATALOG_COMPILER_GLOBAL_ACCENT_COLOR_NAME = AccentColor;
				CODE_SIGN_STYLE = Automatic;
				CURRENT_PROJECT_VERSION = 1;
				DEVELOPMENT_ASSET_PATHS = MentalHealth/Assets/Assets.xcassets;
				DEVELOPMENT_TEAM = M5Z7JPLW6N;
				GENERATE_INFOPLIST_FILE = YES;
				INFOPLIST_FILE = MentalHealth/Info.plist;
				INFOPLIST_KEY_LSApplicationCategoryType = "public.app-category.healthcare-fitness";
				INFOPLIST_KEY_UIApplicationSupportsIndirectInputEvents = YES;
				INFOPLIST_KEY_UILaunchStoryboardName = LaunchScreen.storyboard;
				INFOPLIST_KEY_UIMainStoryboardFile = Main;
				INFOPLIST_KEY_UIStatusBarStyle = "";
				INFOPLIST_KEY_UISupportedInterfaceOrientations = UIInterfaceOrientationPortrait;
				IPHONEOS_DEPLOYMENT_TARGET = 15.0;
				LD_RUNPATH_SEARCH_PATHS = (
					"$(inherited)",
					"@executable_path/Frameworks",
				);
				MARKETING_VERSION = 1.0;
				PRODUCT_BUNDLE_IDENTIFIER = "com.dennis-hong.MentalHealth";
				PRODUCT_NAME = "$(TARGET_NAME)";
				SUPPORTED_PLATFORMS = "iphoneos iphonesimulator";
				SUPPORTS_MACCATALYST = NO;
				SUPPORTS_MAC_DESIGNED_FOR_IPHONE_IPAD = NO;
				SWIFT_EMIT_LOC_STRINGS = YES;
				SWIFT_VERSION = 5.0;
				TARGETED_DEVICE_FAMILY = "1,2";
			};
			name = Release;
		};
/* End XCBuildConfiguration section */

/* Begin XCConfigurationList section */
		953A64E42B6EDFA000651684 /* Build configuration list for PBXProject "MentalHealth" */ = {
			isa = XCConfigurationList;
			buildConfigurations = (
				953A64FB2B6EDFA200651684 /* Debug */,
				953A64FC2B6EDFA200651684 /* Release */,
			);
			defaultConfigurationIsVisible = 0;
			defaultConfigurationName = Release;
		};
		953A64FD2B6EDFA200651684 /* Build configuration list for PBXNativeTarget "MentalHealth" */ = {
			isa = XCConfigurationList;
			buildConfigurations = (
				953A64FE2B6EDFA200651684 /* Debug */,
				953A64FF2B6EDFA200651684 /* Release */,
			);
			defaultConfigurationIsVisible = 0;
			defaultConfigurationName = Release;
		};
/* End XCConfigurationList section */

/* Begin XCRemoteSwiftPackageReference section */
		953A65002B6EE67B00651684 /* XCRemoteSwiftPackageReference "lottie-ios" */ = {
			isa = XCRemoteSwiftPackageReference;
			repositoryURL = "https://github.com/airbnb/lottie-ios.git";
			requirement = {
				kind = upToNextMajorVersion;
				minimumVersion = 4.0.0;
			};
		};
		95B1CEF32B6F97DB00101423 /* XCRemoteSwiftPackageReference "IQKeyboardManager" */ = {
			isa = XCRemoteSwiftPackageReference;
			repositoryURL = "https://github.com/hackiftekhar/IQKeyboardManager.git";
			requirement = {
				kind = upToNextMajorVersion;
				minimumVersion = 7.0.0;
			};
		};
		95B1CEF92B6FD87600101423 /* XCRemoteSwiftPackageReference "firebase-ios-sdk" */ = {
			isa = XCRemoteSwiftPackageReference;
			repositoryURL = "https://github.com/firebase/firebase-ios-sdk";
			requirement = {
				kind = upToNextMajorVersion;
				minimumVersion = 10.0.0;
			};
		};
/* End XCRemoteSwiftPackageReference section */

/* Begin XCSwiftPackageProductDependency section */
		953A65012B6EE67B00651684 /* Lottie */ = {
			isa = XCSwiftPackageProductDependency;
			package = 953A65002B6EE67B00651684 /* XCRemoteSwiftPackageReference "lottie-ios" */;
			productName = Lottie;
		};
		95B1CEF42B6F97DB00101423 /* IQKeyboardManagerSwift */ = {
			isa = XCSwiftPackageProductDependency;
			package = 95B1CEF32B6F97DB00101423 /* XCRemoteSwiftPackageReference "IQKeyboardManager" */;
			productName = IQKeyboardManagerSwift;
		};
		95B1CEFA2B6FD87600101423 /* FirebaseAnalytics */ = {
			isa = XCSwiftPackageProductDependency;
			package = 95B1CEF92B6FD87600101423 /* XCRemoteSwiftPackageReference "firebase-ios-sdk" */;
			productName = FirebaseAnalytics;
		};
		95B1CEFC2B6FD87600101423 /* FirebaseAuth */ = {
			isa = XCSwiftPackageProductDependency;
			package = 95B1CEF92B6FD87600101423 /* XCRemoteSwiftPackageReference "firebase-ios-sdk" */;
			productName = FirebaseAuth;
		};
		95B1CEFE2B6FD87600101423 /* FirebaseDatabase */ = {
			isa = XCSwiftPackageProductDependency;
			package = 95B1CEF92B6FD87600101423 /* XCRemoteSwiftPackageReference "firebase-ios-sdk" */;
			productName = FirebaseDatabase;
		};
		95B1CF002B6FD87600101423 /* FirebaseFirestore */ = {
			isa = XCSwiftPackageProductDependency;
			package = 95B1CEF92B6FD87600101423 /* XCRemoteSwiftPackageReference "firebase-ios-sdk" */;
			productName = FirebaseFirestore;
		};
		95B1CF022B6FD87700101423 /* FirebaseStorage */ = {
			isa = XCSwiftPackageProductDependency;
			package = 95B1CEF92B6FD87600101423 /* XCRemoteSwiftPackageReference "firebase-ios-sdk" */;
			productName = FirebaseStorage;
		};
/* End XCSwiftPackageProductDependency section */
	};
	rootObject = 953A64E12B6EDFA000651684 /* Project object */;
}
