// !$*UTF8*$!
{
	archiveVersion = 1;
	classes = {
	};
	objectVersion = 56;
	objects = {

/* Begin PBXBuildFile section */
		6700875B2BDF4E94000EB39C /* UIFont+Extension.swift in Sources */ = {isa = PBXBuildFile; fileRef = 6700875A2BDF4E94000EB39C /* UIFont+Extension.swift */; };
		670087AA2BDF637E000EB39C /* CalendarPopUpView.xib in Resources */ = {isa = PBXBuildFile; fileRef = 95D293B42BCF9C0A00017E03 /* CalendarPopUpView.xib */; };
		670087AB2BDF637E000EB39C /* SurveyListViewCell.xib in Resources */ = {isa = PBXBuildFile; fileRef = 67E525462BBA29BD00C27F21 /* SurveyListViewCell.xib */; };
		670087AC2BDF637E000EB39C /* SurveyNextButtonCell.xib in Resources */ = {isa = PBXBuildFile; fileRef = 675D54402BC5A59B00756AD4 /* SurveyNextButtonCell.xib */; };
		670087B32BDF637E000EB39C /* Assets.xcassets in Resources */ = {isa = PBXBuildFile; fileRef = 953A64F52B6EDFA200651684 /* Assets.xcassets */; };
		670087B42BDF637E000EB39C /* Main.storyboard in Resources */ = {isa = PBXBuildFile; fileRef = 953A64F22B6EDFA000651684 /* Main.storyboard */; };
		670087B52BDF637E000EB39C /* LaunchScreen.storyboard in Resources */ = {isa = PBXBuildFile; fileRef = 953A64F72B6EDFA200651684 /* LaunchScreen.storyboard */; };
		670400E32BF56B9B00BC65CA /* UserInformation.swift in Sources */ = {isa = PBXBuildFile; fileRef = 670400E22BF56B9B00BC65CA /* UserInformation.swift */; };
		674EFBAD2BF4167000107789 /* UIButton+Extension.swift in Sources */ = {isa = PBXBuildFile; fileRef = 674EFBAC2BF4167000107789 /* UIButton+Extension.swift */; };
		67811DD32BF003EF00BB816F /* MyDiaryFlow.storyboard in Resources */ = {isa = PBXBuildFile; fileRef = 67811DD22BF003EF00BB816F /* MyDiaryFlow.storyboard */; };
		67811DD62BF00AA200BB816F /* MyDiaryRecordViewController.swift in Sources */ = {isa = PBXBuildFile; fileRef = 67811DD52BF00AA200BB816F /* MyDiaryRecordViewController.swift */; };
		6786E2FC2C2B8015002A23FB /* DangerView.swift in Sources */ = {isa = PBXBuildFile; fileRef = 6786E2FB2C2B8015002A23FB /* DangerView.swift */; };
		67A1C7C12C212C8C008F9FDA /* MyDiaryItem.swift in Sources */ = {isa = PBXBuildFile; fileRef = 67A1C7C02C212C8C008F9FDA /* MyDiaryItem.swift */; };
		67A55E192BC7990500E579D4 /* SurveyResultViewController.swift in Sources */ = {isa = PBXBuildFile; fileRef = 67A55E182BC7990500E579D4 /* SurveyResultViewController.swift */; };
		67A883AE2C100AD600B970C2 /* GoogleService-Info.plist in Resources */ = {isa = PBXBuildFile; fileRef = 67A883AD2C100AD500B970C2 /* GoogleService-Info.plist */; };
		67A883B02C116E4900B970C2 /* MyDay.swift in Sources */ = {isa = PBXBuildFile; fileRef = 67A883AF2C116E4900B970C2 /* MyDay.swift */; };
		67A883B22C11750300B970C2 /* Date+Extension.swift in Sources */ = {isa = PBXBuildFile; fileRef = 67A883B12C11750300B970C2 /* Date+Extension.swift */; };
		67E5253D2BBA1BFB00C27F21 /* SurveyListViewCell.swift in Sources */ = {isa = PBXBuildFile; fileRef = 67E5253C2BBA1BFB00C27F21 /* SurveyListViewCell.swift */; };
		67E525402BBA262B00C27F21 /* TestingInformation.swift in Sources */ = {isa = PBXBuildFile; fileRef = 67E5253F2BBA262B00C27F21 /* TestingInformation.swift */; };
		67E525422BBA285200C27F21 /* CellReusable+Extension.swift in Sources */ = {isa = PBXBuildFile; fileRef = 67E525412BBA285200C27F21 /* CellReusable+Extension.swift */; };
		67E525452BBA28C000C27F21 /* SurveyNextButtonCell.swift in Sources */ = {isa = PBXBuildFile; fileRef = 67E525442BBA28C000C27F21 /* SurveyNextButtonCell.swift */; };
		67EE78DA2BF3350A00478D44 /* MyDiaryTextViewController.swift in Sources */ = {isa = PBXBuildFile; fileRef = 67EE78D92BF3350A00478D44 /* MyDiaryTextViewController.swift */; };
		67F064952B9D0DE200400013 /* FBNetworkLayer.swift in Sources */ = {isa = PBXBuildFile; fileRef = 67F064942B9D0DE200400013 /* FBNetworkLayer.swift */; };
		67F064992B9D1D5C00400013 /* MentalHealthQuestion.swift in Sources */ = {isa = PBXBuildFile; fileRef = 67F064982B9D1D5C00400013 /* MentalHealthQuestion.swift */; };
		67F5EC4F2BFD2A9900A63A0B /* Error+Extension.swift in Sources */ = {isa = PBXBuildFile; fileRef = 67F5EC4E2BFD2A9900A63A0B /* Error+Extension.swift */; };
		67F71C752BEB22310008BFA5 /* SurveyEntryViewController.swift in Sources */ = {isa = PBXBuildFile; fileRef = 67F71C742BEB22310008BFA5 /* SurveyEntryViewController.swift */; };
		67F71C792BEC31A90008BFA5 /* DiarcyCell.swift in Sources */ = {isa = PBXBuildFile; fileRef = 67F71C772BEC31A90008BFA5 /* DiarcyCell.swift */; };
		67F71C7A2BEC31A90008BFA5 /* DiarcyCell.xib in Resources */ = {isa = PBXBuildFile; fileRef = 67F71C782BEC31A90008BFA5 /* DiarcyCell.xib */; };
		952DD53F2C1E224B005318CA /* DGCharts in Frameworks */ = {isa = PBXBuildFile; productRef = 952DD53E2C1E224B005318CA /* DGCharts */; };
		952DD5412C1E224B005318CA /* DGChartsDynamic in Frameworks */ = {isa = PBXBuildFile; productRef = 952DD5402C1E224B005318CA /* DGChartsDynamic */; };
		953A64ED2B6EDFA000651684 /* AppDelegate.swift in Sources */ = {isa = PBXBuildFile; fileRef = 953A64EC2B6EDFA000651684 /* AppDelegate.swift */; };
		953A64EF2B6EDFA000651684 /* SceneDelegate.swift in Sources */ = {isa = PBXBuildFile; fileRef = 953A64EE2B6EDFA000651684 /* SceneDelegate.swift */; };
		953A64F12B6EDFA000651684 /* HomeViewController.swift in Sources */ = {isa = PBXBuildFile; fileRef = 953A64F02B6EDFA000651684 /* HomeViewController.swift */; };
		95433A082BBE69810003C584 /* UIViewController+Extension.swift in Sources */ = {isa = PBXBuildFile; fileRef = 95433A072BBE69810003C584 /* UIViewController+Extension.swift */; };
		95433A0E2BBF98C10003C584 /* DayViewController.swift in Sources */ = {isa = PBXBuildFile; fileRef = 95433A0D2BBF98C10003C584 /* DayViewController.swift */; };
		95433A102BC63A860003C584 /* String+Extension.swift in Sources */ = {isa = PBXBuildFile; fileRef = 95433A0F2BC63A860003C584 /* String+Extension.swift */; };
		95433A132BC6558C0003C584 /* SignUpViewController.swift in Sources */ = {isa = PBXBuildFile; fileRef = 95433A122BC6558C0003C584 /* SignUpViewController.swift */; };
		9561FE122BAD2EAB00345642 /* UIColor+Extension.swift in Sources */ = {isa = PBXBuildFile; fileRef = 9561FE112BAD2EAB00345642 /* UIColor+Extension.swift */; };
		95733CB52BA8296300FD2215 /* UILabel+Extension.swift in Sources */ = {isa = PBXBuildFile; fileRef = 95733CB42BA8296300FD2215 /* UILabel+Extension.swift */; };
		957720492BC7AC280026DC91 /* HomeTabBarController.swift in Sources */ = {isa = PBXBuildFile; fileRef = 957720482BC7AC280026DC91 /* HomeTabBarController.swift */; };
		9577204C2BC8CB4B0026DC91 /* FSCalendar in Frameworks */ = {isa = PBXBuildFile; productRef = 9577204B2BC8CB4B0026DC91 /* FSCalendar */; };
		957C02D22B6F77F900DE21DE /* SurveyListViewController.swift in Sources */ = {isa = PBXBuildFile; fileRef = 957C02D12B6F77F900DE21DE /* SurveyListViewController.swift */; };
		9593C2782BFC36A0000FF790 /* Optional+Extensions.swift in Sources */ = {isa = PBXBuildFile; fileRef = 9593C2772BFC36A0000FF790 /* Optional+Extensions.swift */; };
		9593C27B2C0068F2000FF790 /* HomeTabBar.swift in Sources */ = {isa = PBXBuildFile; fileRef = 9593C27A2C0068F2000FF790 /* HomeTabBar.swift */; };
		95ACE6A12BE0A5E800E935EC /* Roboto-Regular.ttf in Resources */ = {isa = PBXBuildFile; fileRef = 95ACE69D2BE0A5E800E935EC /* Roboto-Regular.ttf */; };
		95ACE6A22BE0A5E800E935EC /* Roboto-Medium.ttf in Resources */ = {isa = PBXBuildFile; fileRef = 95ACE69E2BE0A5E800E935EC /* Roboto-Medium.ttf */; };
		95ACE6A32BE0A5E800E935EC /* Roboto-Bold.ttf in Resources */ = {isa = PBXBuildFile; fileRef = 95ACE69F2BE0A5E800E935EC /* Roboto-Bold.ttf */; };
		95ACE6A42BE0A5E800E935EC /* Roboto-Black.ttf in Resources */ = {isa = PBXBuildFile; fileRef = 95ACE6A02BE0A5E800E935EC /* Roboto-Black.ttf */; };
		95ACE6A72BE0A82000E935EC /* InspiringQuote.json in Resources */ = {isa = PBXBuildFile; fileRef = 95ACE6A62BE0A82000E935EC /* InspiringQuote.json */; };
		95ACE6A92BE0A99100E935EC /* InspiringQuote.swift in Sources */ = {isa = PBXBuildFile; fileRef = 95ACE6A82BE0A99100E935EC /* InspiringQuote.swift */; };
		95B1CEF52B6F97DB00101423 /* IQKeyboardManagerSwift in Frameworks */ = {isa = PBXBuildFile; productRef = 95B1CEF42B6F97DB00101423 /* IQKeyboardManagerSwift */; };
		95B1CEFD2B6FD87600101423 /* FirebaseAuth in Frameworks */ = {isa = PBXBuildFile; productRef = 95B1CEFC2B6FD87600101423 /* FirebaseAuth */; };
		95B1CEFF2B6FD87600101423 /* FirebaseDatabase in Frameworks */ = {isa = PBXBuildFile; productRef = 95B1CEFE2B6FD87600101423 /* FirebaseDatabase */; };
		95B1CF012B6FD87600101423 /* FirebaseFirestore in Frameworks */ = {isa = PBXBuildFile; productRef = 95B1CF002B6FD87600101423 /* FirebaseFirestore */; };
		95B1CF032B6FD87700101423 /* FirebaseStorage in Frameworks */ = {isa = PBXBuildFile; productRef = 95B1CF022B6FD87700101423 /* FirebaseStorage */; };
		95B1CF082B6FE87500101423 /* FeedbackViewController.swift in Sources */ = {isa = PBXBuildFile; fileRef = 95B1CF072B6FE87500101423 /* FeedbackViewController.swift */; };
		95B1CF0A2B71E58B00101423 /* UIImage+Extension.swift in Sources */ = {isa = PBXBuildFile; fileRef = 95B1CF092B71E58B00101423 /* UIImage+Extension.swift */; };
		95B1CF112B72023200101423 /* AccountHomeViewController.swift in Sources */ = {isa = PBXBuildFile; fileRef = 95B1CF102B72023200101423 /* AccountHomeViewController.swift */; };
		95BCED602BEDC8D600E6CAFE /* TKRadarChart.swift in Sources */ = {isa = PBXBuildFile; fileRef = 95BCED5F2BEDC8D600E6CAFE /* TKRadarChart.swift */; };
		95C72BE32BD63F0000ED178F /* LoginGenderViewController.swift in Sources */ = {isa = PBXBuildFile; fileRef = 95C72BE22BD63F0000ED178F /* LoginGenderViewController.swift */; };
		95C72BE52BD63FAA00ED178F /* LoginStatusViewController.swift in Sources */ = {isa = PBXBuildFile; fileRef = 95C72BE42BD63FAA00ED178F /* LoginStatusViewController.swift */; };
		95C72BE72BD6400700ED178F /* LoginEthnicityViewController.swift in Sources */ = {isa = PBXBuildFile; fileRef = 95C72BE62BD6400700ED178F /* LoginEthnicityViewController.swift */; };
		95C72BE92BD6404E00ED178F /* LoginConfirmViewController.swift in Sources */ = {isa = PBXBuildFile; fileRef = 95C72BE82BD6404E00ED178F /* LoginConfirmViewController.swift */; };
		95C72BEB2BD753B900ED178F /* LoginAgeViewController.swift in Sources */ = {isa = PBXBuildFile; fileRef = 95C72BEA2BD753B900ED178F /* LoginAgeViewController.swift */; };
		95C804372BD9BA0C00743FA5 /* CustomSelectButton.swift in Sources */ = {isa = PBXBuildFile; fileRef = 95C804362BD9BA0C00743FA5 /* CustomSelectButton.swift */; };
		95C804392BD9C8F500743FA5 /* LoginNickNameViewController.swift in Sources */ = {isa = PBXBuildFile; fileRef = 95C804382BD9C8F400743FA5 /* LoginNickNameViewController.swift */; };
		95D293A22BCD038200017E03 /* LogInViewController.swift in Sources */ = {isa = PBXBuildFile; fileRef = 95D293A12BCD038200017E03 /* LogInViewController.swift */; };
		95D293A42BCD0CB800017E03 /* LoginManager.swift in Sources */ = {isa = PBXBuildFile; fileRef = 95D293A32BCD0CB800017E03 /* LoginManager.swift */; };
		95D293A72BCE347100017E03 /* SwiftEntryKit in Frameworks */ = {isa = PBXBuildFile; productRef = 95D293A62BCE347100017E03 /* SwiftEntryKit */; };
		95D293AC2BCE36B000017E03 /* MyDiaryViewController.swift in Sources */ = {isa = PBXBuildFile; fileRef = 95D293AB2BCE36B000017E03 /* MyDiaryViewController.swift */; };
		95D293B32BCF976000017E03 /* CalendarPopUpViewController.swift in Sources */ = {isa = PBXBuildFile; fileRef = 95D293B22BCF976000017E03 /* CalendarPopUpViewController.swift */; };
		95D293B72BCF9C6700017E03 /* NSObject+Extension.swift in Sources */ = {isa = PBXBuildFile; fileRef = 95D293B62BCF9C6600017E03 /* NSObject+Extension.swift */; };
		95D293B92BCF9C8E00017E03 /* UIView+Extention.swift in Sources */ = {isa = PBXBuildFile; fileRef = 95D293B82BCF9C8E00017E03 /* UIView+Extention.swift */; };
		95D293BB2BCF9CAF00017E03 /* CalendarPopUpView.swift in Sources */ = {isa = PBXBuildFile; fileRef = 95D293BA2BCF9CAF00017E03 /* CalendarPopUpView.swift */; };
/* End PBXBuildFile section */

/* Begin PBXFileReference section */
		6700875A2BDF4E94000EB39C /* UIFont+Extension.swift */ = {isa = PBXFileReference; lastKnownFileType = sourcecode.swift; path = "UIFont+Extension.swift"; sourceTree = "<group>"; };
		670400E22BF56B9B00BC65CA /* UserInformation.swift */ = {isa = PBXFileReference; lastKnownFileType = sourcecode.swift; path = UserInformation.swift; sourceTree = "<group>"; };
		674EFBAC2BF4167000107789 /* UIButton+Extension.swift */ = {isa = PBXFileReference; lastKnownFileType = sourcecode.swift; path = "UIButton+Extension.swift"; sourceTree = "<group>"; };
		675D54402BC5A59B00756AD4 /* SurveyNextButtonCell.xib */ = {isa = PBXFileReference; lastKnownFileType = file.xib; path = SurveyNextButtonCell.xib; sourceTree = "<group>"; };
		67811DD22BF003EF00BB816F /* MyDiaryFlow.storyboard */ = {isa = PBXFileReference; lastKnownFileType = file.storyboard; path = MyDiaryFlow.storyboard; sourceTree = "<group>"; };
		67811DD52BF00AA200BB816F /* MyDiaryRecordViewController.swift */ = {isa = PBXFileReference; lastKnownFileType = sourcecode.swift; path = MyDiaryRecordViewController.swift; sourceTree = "<group>"; };
		6786E2FB2C2B8015002A23FB /* DangerView.swift */ = {isa = PBXFileReference; lastKnownFileType = sourcecode.swift; path = DangerView.swift; sourceTree = "<group>"; };
		67A1C7C02C212C8C008F9FDA /* MyDiaryItem.swift */ = {isa = PBXFileReference; lastKnownFileType = sourcecode.swift; path = MyDiaryItem.swift; sourceTree = "<group>"; };
		67A55E182BC7990500E579D4 /* SurveyResultViewController.swift */ = {isa = PBXFileReference; lastKnownFileType = sourcecode.swift; path = SurveyResultViewController.swift; sourceTree = "<group>"; };
		67A883AD2C100AD500B970C2 /* GoogleService-Info.plist */ = {isa = PBXFileReference; fileEncoding = 4; lastKnownFileType = text.plist.xml; name = "GoogleService-Info.plist"; path = "../../../../Downloads/GoogleService-Info.plist"; sourceTree = "<group>"; };
		67A883AF2C116E4900B970C2 /* MyDay.swift */ = {isa = PBXFileReference; lastKnownFileType = sourcecode.swift; path = MyDay.swift; sourceTree = "<group>"; };
		67A883B12C11750300B970C2 /* Date+Extension.swift */ = {isa = PBXFileReference; lastKnownFileType = sourcecode.swift; path = "Date+Extension.swift"; sourceTree = "<group>"; };
		67E5253C2BBA1BFB00C27F21 /* SurveyListViewCell.swift */ = {isa = PBXFileReference; lastKnownFileType = sourcecode.swift; path = SurveyListViewCell.swift; sourceTree = "<group>"; };
		67E5253F2BBA262B00C27F21 /* TestingInformation.swift */ = {isa = PBXFileReference; lastKnownFileType = sourcecode.swift; path = TestingInformation.swift; sourceTree = "<group>"; };
		67E525412BBA285200C27F21 /* CellReusable+Extension.swift */ = {isa = PBXFileReference; lastKnownFileType = sourcecode.swift; path = "CellReusable+Extension.swift"; sourceTree = "<group>"; };
		67E525442BBA28C000C27F21 /* SurveyNextButtonCell.swift */ = {isa = PBXFileReference; lastKnownFileType = sourcecode.swift; path = SurveyNextButtonCell.swift; sourceTree = "<group>"; };
		67E525462BBA29BD00C27F21 /* SurveyListViewCell.xib */ = {isa = PBXFileReference; lastKnownFileType = file.xib; path = SurveyListViewCell.xib; sourceTree = "<group>"; };
		67EE78D92BF3350A00478D44 /* MyDiaryTextViewController.swift */ = {isa = PBXFileReference; lastKnownFileType = sourcecode.swift; path = MyDiaryTextViewController.swift; sourceTree = "<group>"; };
		67F064942B9D0DE200400013 /* FBNetworkLayer.swift */ = {isa = PBXFileReference; lastKnownFileType = sourcecode.swift; path = FBNetworkLayer.swift; sourceTree = "<group>"; };
		67F064982B9D1D5C00400013 /* MentalHealthQuestion.swift */ = {isa = PBXFileReference; lastKnownFileType = sourcecode.swift; path = MentalHealthQuestion.swift; sourceTree = "<group>"; };
		67F5EC4E2BFD2A9900A63A0B /* Error+Extension.swift */ = {isa = PBXFileReference; lastKnownFileType = sourcecode.swift; path = "Error+Extension.swift"; sourceTree = "<group>"; };
		67F71C742BEB22310008BFA5 /* SurveyEntryViewController.swift */ = {isa = PBXFileReference; lastKnownFileType = sourcecode.swift; path = SurveyEntryViewController.swift; sourceTree = "<group>"; };
		67F71C772BEC31A90008BFA5 /* DiarcyCell.swift */ = {isa = PBXFileReference; lastKnownFileType = sourcecode.swift; path = DiarcyCell.swift; sourceTree = "<group>"; };
		67F71C782BEC31A90008BFA5 /* DiarcyCell.xib */ = {isa = PBXFileReference; lastKnownFileType = file.xib; path = DiarcyCell.xib; sourceTree = "<group>"; };
		953A64E92B6EDFA000651684 /* MentalHealth.app */ = {isa = PBXFileReference; explicitFileType = wrapper.application; includeInIndex = 0; path = MentalHealth.app; sourceTree = BUILT_PRODUCTS_DIR; };
		953A64EC2B6EDFA000651684 /* AppDelegate.swift */ = {isa = PBXFileReference; lastKnownFileType = sourcecode.swift; path = AppDelegate.swift; sourceTree = "<group>"; };
		953A64EE2B6EDFA000651684 /* SceneDelegate.swift */ = {isa = PBXFileReference; lastKnownFileType = sourcecode.swift; path = SceneDelegate.swift; sourceTree = "<group>"; };
		953A64F02B6EDFA000651684 /* HomeViewController.swift */ = {isa = PBXFileReference; lastKnownFileType = sourcecode.swift; path = HomeViewController.swift; sourceTree = "<group>"; };
		953A64F32B6EDFA000651684 /* Base */ = {isa = PBXFileReference; lastKnownFileType = file.storyboard; name = Base; path = Base.lproj/Main.storyboard; sourceTree = "<group>"; };
		953A64F52B6EDFA200651684 /* Assets.xcassets */ = {isa = PBXFileReference; lastKnownFileType = folder.assetcatalog; path = Assets.xcassets; sourceTree = "<group>"; };
		953A64F82B6EDFA200651684 /* Base */ = {isa = PBXFileReference; lastKnownFileType = file.storyboard; name = Base; path = Base.lproj/LaunchScreen.storyboard; sourceTree = "<group>"; };
		953A64FA2B6EDFA200651684 /* Info.plist */ = {isa = PBXFileReference; lastKnownFileType = text.plist.xml; path = Info.plist; sourceTree = "<group>"; };
		95433A072BBE69810003C584 /* UIViewController+Extension.swift */ = {isa = PBXFileReference; lastKnownFileType = sourcecode.swift; path = "UIViewController+Extension.swift"; sourceTree = "<group>"; };
		95433A0D2BBF98C10003C584 /* DayViewController.swift */ = {isa = PBXFileReference; lastKnownFileType = sourcecode.swift; path = DayViewController.swift; sourceTree = "<group>"; };
		95433A0F2BC63A860003C584 /* String+Extension.swift */ = {isa = PBXFileReference; lastKnownFileType = sourcecode.swift; path = "String+Extension.swift"; sourceTree = "<group>"; };
		95433A122BC6558C0003C584 /* SignUpViewController.swift */ = {isa = PBXFileReference; lastKnownFileType = sourcecode.swift; path = SignUpViewController.swift; sourceTree = "<group>"; };
		955D0D472BF96FB5007629C9 /* MentalHealth.entitlements */ = {isa = PBXFileReference; lastKnownFileType = text.plist.entitlements; path = MentalHealth.entitlements; sourceTree = "<group>"; };
		9561FE112BAD2EAB00345642 /* UIColor+Extension.swift */ = {isa = PBXFileReference; lastKnownFileType = sourcecode.swift; path = "UIColor+Extension.swift"; sourceTree = "<group>"; };
		95733CB42BA8296300FD2215 /* UILabel+Extension.swift */ = {isa = PBXFileReference; lastKnownFileType = sourcecode.swift; path = "UILabel+Extension.swift"; sourceTree = "<group>"; };
		957720482BC7AC280026DC91 /* HomeTabBarController.swift */ = {isa = PBXFileReference; lastKnownFileType = sourcecode.swift; path = HomeTabBarController.swift; sourceTree = "<group>"; };
		957C02D12B6F77F900DE21DE /* SurveyListViewController.swift */ = {isa = PBXFileReference; lastKnownFileType = sourcecode.swift; path = SurveyListViewController.swift; sourceTree = "<group>"; };
		9593C2772BFC36A0000FF790 /* Optional+Extensions.swift */ = {isa = PBXFileReference; lastKnownFileType = sourcecode.swift; path = "Optional+Extensions.swift"; sourceTree = "<group>"; };
		9593C27A2C0068F2000FF790 /* HomeTabBar.swift */ = {isa = PBXFileReference; lastKnownFileType = sourcecode.swift; path = HomeTabBar.swift; sourceTree = "<group>"; };
		95ACE69D2BE0A5E800E935EC /* Roboto-Regular.ttf */ = {isa = PBXFileReference; lastKnownFileType = file; path = "Roboto-Regular.ttf"; sourceTree = "<group>"; };
		95ACE69E2BE0A5E800E935EC /* Roboto-Medium.ttf */ = {isa = PBXFileReference; lastKnownFileType = file; path = "Roboto-Medium.ttf"; sourceTree = "<group>"; };
		95ACE69F2BE0A5E800E935EC /* Roboto-Bold.ttf */ = {isa = PBXFileReference; lastKnownFileType = file; path = "Roboto-Bold.ttf"; sourceTree = "<group>"; };
		95ACE6A02BE0A5E800E935EC /* Roboto-Black.ttf */ = {isa = PBXFileReference; lastKnownFileType = file; path = "Roboto-Black.ttf"; sourceTree = "<group>"; };
		95ACE6A62BE0A82000E935EC /* InspiringQuote.json */ = {isa = PBXFileReference; lastKnownFileType = text.json; path = InspiringQuote.json; sourceTree = "<group>"; };
		95ACE6A82BE0A99100E935EC /* InspiringQuote.swift */ = {isa = PBXFileReference; lastKnownFileType = sourcecode.swift; path = InspiringQuote.swift; sourceTree = "<group>"; };
		95B1CF072B6FE87500101423 /* FeedbackViewController.swift */ = {isa = PBXFileReference; lastKnownFileType = sourcecode.swift; path = FeedbackViewController.swift; sourceTree = "<group>"; };
		95B1CF092B71E58B00101423 /* UIImage+Extension.swift */ = {isa = PBXFileReference; lastKnownFileType = sourcecode.swift; path = "UIImage+Extension.swift"; sourceTree = "<group>"; };
		95B1CF102B72023200101423 /* AccountHomeViewController.swift */ = {isa = PBXFileReference; lastKnownFileType = sourcecode.swift; path = AccountHomeViewController.swift; sourceTree = "<group>"; };
		95BCED5F2BEDC8D600E6CAFE /* TKRadarChart.swift */ = {isa = PBXFileReference; lastKnownFileType = sourcecode.swift; path = TKRadarChart.swift; sourceTree = "<group>"; };
		95C72BE22BD63F0000ED178F /* LoginGenderViewController.swift */ = {isa = PBXFileReference; lastKnownFileType = sourcecode.swift; path = LoginGenderViewController.swift; sourceTree = "<group>"; };
		95C72BE42BD63FAA00ED178F /* LoginStatusViewController.swift */ = {isa = PBXFileReference; lastKnownFileType = sourcecode.swift; path = LoginStatusViewController.swift; sourceTree = "<group>"; };
		95C72BE62BD6400700ED178F /* LoginEthnicityViewController.swift */ = {isa = PBXFileReference; lastKnownFileType = sourcecode.swift; path = LoginEthnicityViewController.swift; sourceTree = "<group>"; };
		95C72BE82BD6404E00ED178F /* LoginConfirmViewController.swift */ = {isa = PBXFileReference; lastKnownFileType = sourcecode.swift; path = LoginConfirmViewController.swift; sourceTree = "<group>"; };
		95C72BEA2BD753B900ED178F /* LoginAgeViewController.swift */ = {isa = PBXFileReference; lastKnownFileType = sourcecode.swift; path = LoginAgeViewController.swift; sourceTree = "<group>"; };
		95C804362BD9BA0C00743FA5 /* CustomSelectButton.swift */ = {isa = PBXFileReference; lastKnownFileType = sourcecode.swift; path = CustomSelectButton.swift; sourceTree = "<group>"; };
		95C804382BD9C8F400743FA5 /* LoginNickNameViewController.swift */ = {isa = PBXFileReference; lastKnownFileType = sourcecode.swift; path = LoginNickNameViewController.swift; sourceTree = "<group>"; };
		95D293A12BCD038200017E03 /* LogInViewController.swift */ = {isa = PBXFileReference; lastKnownFileType = sourcecode.swift; path = LogInViewController.swift; sourceTree = "<group>"; };
		95D293A32BCD0CB800017E03 /* LoginManager.swift */ = {isa = PBXFileReference; lastKnownFileType = sourcecode.swift; path = LoginManager.swift; sourceTree = "<group>"; };
		95D293AB2BCE36B000017E03 /* MyDiaryViewController.swift */ = {isa = PBXFileReference; lastKnownFileType = sourcecode.swift; path = MyDiaryViewController.swift; sourceTree = "<group>"; };
		95D293B22BCF976000017E03 /* CalendarPopUpViewController.swift */ = {isa = PBXFileReference; lastKnownFileType = sourcecode.swift; path = CalendarPopUpViewController.swift; sourceTree = "<group>"; };
		95D293B42BCF9C0A00017E03 /* CalendarPopUpView.xib */ = {isa = PBXFileReference; lastKnownFileType = file.xib; path = CalendarPopUpView.xib; sourceTree = "<group>"; };
		95D293B62BCF9C6600017E03 /* NSObject+Extension.swift */ = {isa = PBXFileReference; lastKnownFileType = sourcecode.swift; path = "NSObject+Extension.swift"; sourceTree = "<group>"; };
		95D293B82BCF9C8E00017E03 /* UIView+Extention.swift */ = {isa = PBXFileReference; lastKnownFileType = sourcecode.swift; path = "UIView+Extention.swift"; sourceTree = "<group>"; };
		95D293BA2BCF9CAF00017E03 /* CalendarPopUpView.swift */ = {isa = PBXFileReference; lastKnownFileType = sourcecode.swift; path = CalendarPopUpView.swift; sourceTree = "<group>"; };
/* End PBXFileReference section */

/* Begin PBXFrameworksBuildPhase section */
		953A64E62B6EDFA000651684 /* Frameworks */ = {
			isa = PBXFrameworksBuildPhase;
			buildActionMask = 2147483647;
			files = (
				952DD53F2C1E224B005318CA /* DGCharts in Frameworks */,
				95B1CEFF2B6FD87600101423 /* FirebaseDatabase in Frameworks */,
				95D293A72BCE347100017E03 /* SwiftEntryKit in Frameworks */,
				95B1CEF52B6F97DB00101423 /* IQKeyboardManagerSwift in Frameworks */,
				9577204C2BC8CB4B0026DC91 /* FSCalendar in Frameworks */,
				95B1CF032B6FD87700101423 /* FirebaseStorage in Frameworks */,
				95B1CEFD2B6FD87600101423 /* FirebaseAuth in Frameworks */,
				952DD5412C1E224B005318CA /* DGChartsDynamic in Frameworks */,
				95B1CF012B6FD87600101423 /* FirebaseFirestore in Frameworks */,
			);
			runOnlyForDeploymentPostprocessing = 0;
		};
/* End PBXFrameworksBuildPhase section */

/* Begin PBXGroup section */
		67811DD42BF00A4A00BB816F /* MyDiaryRecordViewController */ = {
			isa = PBXGroup;
			children = (
				67811DD52BF00AA200BB816F /* MyDiaryRecordViewController.swift */,
			);
			path = MyDiaryRecordViewController;
			sourceTree = "<group>";
		};
		67E5253E2BBA260E00C27F21 /* Testing */ = {
			isa = PBXGroup;
			children = (
				67E5253F2BBA262B00C27F21 /* TestingInformation.swift */,
			);
			path = Testing;
			sourceTree = "<group>";
		};
		67E525432BBA286900C27F21 /* Cell */ = {
			isa = PBXGroup;
			children = (
				67E5253C2BBA1BFB00C27F21 /* SurveyListViewCell.swift */,
				67E525462BBA29BD00C27F21 /* SurveyListViewCell.xib */,
				67E525442BBA28C000C27F21 /* SurveyNextButtonCell.swift */,
				675D54402BC5A59B00756AD4 /* SurveyNextButtonCell.xib */,
			);
			path = Cell;
			sourceTree = "<group>";
		};
		67EE78D82BF334B300478D44 /* MyDiaryTextViewController */ = {
			isa = PBXGroup;
			children = (
				67EE78D92BF3350A00478D44 /* MyDiaryTextViewController.swift */,
			);
			path = MyDiaryTextViewController;
			sourceTree = "<group>";
		};
		67F064932B9D0D9000400013 /* FirebaseInit */ = {
			isa = PBXGroup;
			children = (
				67F064942B9D0DE200400013 /* FBNetworkLayer.swift */,
				67F064982B9D1D5C00400013 /* MentalHealthQuestion.swift */,
			);
			path = FirebaseInit;
			sourceTree = "<group>";
		};
		67F71C762BEC316E0008BFA5 /* DiaryCell */ = {
			isa = PBXGroup;
			children = (
				67F71C772BEC31A90008BFA5 /* DiarcyCell.swift */,
				67F71C782BEC31A90008BFA5 /* DiarcyCell.xib */,
			);
			path = DiaryCell;
			sourceTree = "<group>";
		};
		953A64E02B6EDFA000651684 = {
			isa = PBXGroup;
			children = (
				953A64EB2B6EDFA000651684 /* MentalHealth */,
				953A64EA2B6EDFA000651684 /* Products */,
			);
			sourceTree = "<group>";
		};
		953A64EA2B6EDFA000651684 /* Products */ = {
			isa = PBXGroup;
			children = (
				953A64E92B6EDFA000651684 /* MentalHealth.app */,
			);
			name = Products;
			sourceTree = "<group>";
		};
		953A64EB2B6EDFA000651684 /* MentalHealth */ = {
			isa = PBXGroup;
			children = (
				955D0D472BF96FB5007629C9 /* MentalHealth.entitlements */,
				95733CB22BA8292E00FD2215 /* Extension */,
				95B1CF062B6FE83F00101423 /* Module */,
				95CEFFD12B6F358D00C527D1 /* Assets */,
				95CEFFD52B6F667A00C527D1 /* StoryBoard */,
				95B1CEF62B6FD57D00101423 /* Common */,
				953A64FA2B6EDFA200651684 /* Info.plist */,
				95D293A32BCD0CB800017E03 /* LoginManager.swift */,
				67A883AD2C100AD500B970C2 /* GoogleService-Info.plist */,
			);
			path = MentalHealth;
			sourceTree = "<group>";
		};
		953A65032B6EE8CE00651684 /* Home */ = {
			isa = PBXGroup;
			children = (
				953A64F02B6EDFA000651684 /* HomeViewController.swift */,
				957720482BC7AC280026DC91 /* HomeTabBarController.swift */,
				95D293B22BCF976000017E03 /* CalendarPopUpViewController.swift */,
				95D293B42BCF9C0A00017E03 /* CalendarPopUpView.xib */,
				95D293BA2BCF9CAF00017E03 /* CalendarPopUpView.swift */,
				95ACE6A62BE0A82000E935EC /* InspiringQuote.json */,
				95ACE6A82BE0A99100E935EC /* InspiringQuote.swift */,
				9593C27A2C0068F2000FF790 /* HomeTabBar.swift */,
			);
			path = Home;
			sourceTree = "<group>";
		};
		95433A0C2BBF98AE0003C584 /* Day */ = {
			isa = PBXGroup;
			children = (
				95433A0D2BBF98C10003C584 /* DayViewController.swift */,
				67A883AF2C116E4900B970C2 /* MyDay.swift */,
			);
			path = Day;
			sourceTree = "<group>";
		};
		95433A112BC655750003C584 /* Login */ = {
			isa = PBXGroup;
			children = (
				95433A122BC6558C0003C584 /* SignUpViewController.swift */,
				95D293A12BCD038200017E03 /* LogInViewController.swift */,
				95C72BE22BD63F0000ED178F /* LoginGenderViewController.swift */,
				95C72BEA2BD753B900ED178F /* LoginAgeViewController.swift */,
				95C72BE42BD63FAA00ED178F /* LoginStatusViewController.swift */,
				95C72BE62BD6400700ED178F /* LoginEthnicityViewController.swift */,
				95C804382BD9C8F400743FA5 /* LoginNickNameViewController.swift */,
				95C72BE82BD6404E00ED178F /* LoginConfirmViewController.swift */,
				95C804362BD9BA0C00743FA5 /* CustomSelectButton.swift */,
				670400E22BF56B9B00BC65CA /* UserInformation.swift */,
			);
			path = Login;
			sourceTree = "<group>";
		};
		95733CB22BA8292E00FD2215 /* Extension */ = {
			isa = PBXGroup;
			children = (
				95BCED5E2BEDC8C400E6CAFE /* Charts */,
				95B1CF092B71E58B00101423 /* UIImage+Extension.swift */,
				674EFBAC2BF4167000107789 /* UIButton+Extension.swift */,
				95733CB42BA8296300FD2215 /* UILabel+Extension.swift */,
				9561FE112BAD2EAB00345642 /* UIColor+Extension.swift */,
				67E525412BBA285200C27F21 /* CellReusable+Extension.swift */,
				95433A072BBE69810003C584 /* UIViewController+Extension.swift */,
				95433A0F2BC63A860003C584 /* String+Extension.swift */,
				95D293B62BCF9C6600017E03 /* NSObject+Extension.swift */,
				95D293B82BCF9C8E00017E03 /* UIView+Extention.swift */,
				6700875A2BDF4E94000EB39C /* UIFont+Extension.swift */,
				9593C2772BFC36A0000FF790 /* Optional+Extensions.swift */,
				67F5EC4E2BFD2A9900A63A0B /* Error+Extension.swift */,
				67A883B12C11750300B970C2 /* Date+Extension.swift */,
			);
			path = Extension;
			sourceTree = "<group>";
		};
		957C02D02B6F77DD00DE21DE /* Survey */ = {
			isa = PBXGroup;
			children = (
				67E525432BBA286900C27F21 /* Cell */,
				957C02D12B6F77F900DE21DE /* SurveyListViewController.swift */,
				67A55E182BC7990500E579D4 /* SurveyResultViewController.swift */,
				67F71C742BEB22310008BFA5 /* SurveyEntryViewController.swift */,
				6786E2FB2C2B8015002A23FB /* DangerView.swift */,
			);
			path = Survey;
			sourceTree = "<group>";
		};
		95ACE69C2BE0A5CB00E935EC /* FontList */ = {
			isa = PBXGroup;
			children = (
				95ACE6A02BE0A5E800E935EC /* Roboto-Black.ttf */,
				95ACE69F2BE0A5E800E935EC /* Roboto-Bold.ttf */,
				95ACE69E2BE0A5E800E935EC /* Roboto-Medium.ttf */,
				95ACE69D2BE0A5E800E935EC /* Roboto-Regular.ttf */,
			);
			path = FontList;
			sourceTree = "<group>";
		};
		95B1CEF62B6FD57D00101423 /* Common */ = {
			isa = PBXGroup;
			children = (
				953A64EC2B6EDFA000651684 /* AppDelegate.swift */,
				953A64EE2B6EDFA000651684 /* SceneDelegate.swift */,
			);
			path = Common;
			sourceTree = "<group>";
		};
		95B1CF042B6FE7DE00101423 /* Account */ = {
			isa = PBXGroup;
			children = (
				95B1CF052B6FE82800101423 /* Feedback */,
				95B1CF102B72023200101423 /* AccountHomeViewController.swift */,
			);
			path = Account;
			sourceTree = "<group>";
		};
		95B1CF052B6FE82800101423 /* Feedback */ = {
			isa = PBXGroup;
			children = (
				95B1CF072B6FE87500101423 /* FeedbackViewController.swift */,
			);
			path = Feedback;
			sourceTree = "<group>";
		};
		95B1CF062B6FE83F00101423 /* Module */ = {
			isa = PBXGroup;
			children = (
				95D293AA2BCE369B00017E03 /* Diary */,
				95433A112BC655750003C584 /* Login */,
				95433A0C2BBF98AE0003C584 /* Day */,
				67E5253E2BBA260E00C27F21 /* Testing */,
				67F064932B9D0D9000400013 /* FirebaseInit */,
				95B1CF042B6FE7DE00101423 /* Account */,
				953A65032B6EE8CE00651684 /* Home */,
				957C02D02B6F77DD00DE21DE /* Survey */,
			);
			path = Module;
			sourceTree = "<group>";
		};
		95BCED5E2BEDC8C400E6CAFE /* Charts */ = {
			isa = PBXGroup;
			children = (
				95BCED5F2BEDC8D600E6CAFE /* TKRadarChart.swift */,
			);
			path = Charts;
			sourceTree = "<group>";
		};
		95CEFFD12B6F358D00C527D1 /* Assets */ = {
			isa = PBXGroup;
			children = (
				95ACE69C2BE0A5CB00E935EC /* FontList */,
				953A64F52B6EDFA200651684 /* Assets.xcassets */,
			);
			path = Assets;
			sourceTree = "<group>";
		};
		95CEFFD52B6F667A00C527D1 /* StoryBoard */ = {
			isa = PBXGroup;
			children = (
				953A64F22B6EDFA000651684 /* Main.storyboard */,
				953A64F72B6EDFA200651684 /* LaunchScreen.storyboard */,
			);
			path = StoryBoard;
			sourceTree = "<group>";
		};
		95D293AA2BCE369B00017E03 /* Diary */ = {
			isa = PBXGroup;
			children = (
				67EE78D82BF334B300478D44 /* MyDiaryTextViewController */,
				67811DD42BF00A4A00BB816F /* MyDiaryRecordViewController */,
				67F71C762BEC316E0008BFA5 /* DiaryCell */,
				95D293AB2BCE36B000017E03 /* MyDiaryViewController.swift */,
				67811DD22BF003EF00BB816F /* MyDiaryFlow.storyboard */,
				67A1C7C02C212C8C008F9FDA /* MyDiaryItem.swift */,
			);
			path = Diary;
			sourceTree = "<group>";
		};
/* End PBXGroup section */

/* Begin PBXNativeTarget section */
		953A64E82B6EDFA000651684 /* MentalHealth */ = {
			isa = PBXNativeTarget;
			buildConfigurationList = 953A64FD2B6EDFA200651684 /* Build configuration list for PBXNativeTarget "MentalHealth" */;
			buildPhases = (
				953A64E52B6EDFA000651684 /* Sources */,
				953A64E62B6EDFA000651684 /* Frameworks */,
				670087A92BDF6360000EB39C /* Resources */,
			);
			buildRules = (
			);
			dependencies = (
			);
			name = MentalHealth;
			packageProductDependencies = (
				95B1CEF42B6F97DB00101423 /* IQKeyboardManagerSwift */,
				95B1CEFC2B6FD87600101423 /* FirebaseAuth */,
				95B1CEFE2B6FD87600101423 /* FirebaseDatabase */,
				95B1CF002B6FD87600101423 /* FirebaseFirestore */,
				95B1CF022B6FD87700101423 /* FirebaseStorage */,
				9577204B2BC8CB4B0026DC91 /* FSCalendar */,
				95D293A62BCE347100017E03 /* SwiftEntryKit */,
				952DD53E2C1E224B005318CA /* DGCharts */,
				952DD5402C1E224B005318CA /* DGChartsDynamic */,
			);
			productName = MentalHealth;
			productReference = 953A64E92B6EDFA000651684 /* MentalHealth.app */;
			productType = "com.apple.product-type.application";
		};
/* End PBXNativeTarget section */

/* Begin PBXProject section */
		953A64E12B6EDFA000651684 /* Project object */ = {
			isa = PBXProject;
			attributes = {
				BuildIndependentTargetsInParallel = 1;
				KnownAssetTags = (
					1,
				);
				LastSwiftUpdateCheck = 1430;
				LastUpgradeCheck = 1530;
				TargetAttributes = {
					953A64E82B6EDFA000651684 = {
						CreatedOnToolsVersion = 14.3.1;
					};
				};
			};
			buildConfigurationList = 953A64E42B6EDFA000651684 /* Build configuration list for PBXProject "MentalHealth" */;
			compatibilityVersion = "Xcode 14.0";
			developmentRegion = en;
			hasScannedForEncodings = 0;
			knownRegions = (
				en,
				Base,
			);
			mainGroup = 953A64E02B6EDFA000651684;
			packageReferences = (
				95B1CEF32B6F97DB00101423 /* XCRemoteSwiftPackageReference "IQKeyboardManager" */,
				95B1CEF92B6FD87600101423 /* XCRemoteSwiftPackageReference "firebase-ios-sdk" */,
				9577204A2BC8CB4B0026DC91 /* XCRemoteSwiftPackageReference "FSCalendar" */,
				95D293A52BCE347100017E03 /* XCRemoteSwiftPackageReference "SwiftEntryKit" */,
				952DD53D2C1E224B005318CA /* XCRemoteSwiftPackageReference "Charts" */,
			);
			productRefGroup = 953A64EA2B6EDFA000651684 /* Products */;
			projectDirPath = "";
			projectRoot = "";
			targets = (
				953A64E82B6EDFA000651684 /* MentalHealth */,
			);
		};
/* End PBXProject section */

/* Begin PBXResourcesBuildPhase section */
		670087A92BDF6360000EB39C /* Resources */ = {
			isa = PBXResourcesBuildPhase;
			buildActionMask = 2147483647;
			files = (
				95ACE6A22BE0A5E800E935EC /* Roboto-Medium.ttf in Resources */,
				670087AA2BDF637E000EB39C /* CalendarPopUpView.xib in Resources */,
				670087AB2BDF637E000EB39C /* SurveyListViewCell.xib in Resources */,
				67F71C7A2BEC31A90008BFA5 /* DiarcyCell.xib in Resources */,
				670087AC2BDF637E000EB39C /* SurveyNextButtonCell.xib in Resources */,
				95ACE6A32BE0A5E800E935EC /* Roboto-Bold.ttf in Resources */,
				670087B32BDF637E000EB39C /* Assets.xcassets in Resources */,
				95ACE6A12BE0A5E800E935EC /* Roboto-Regular.ttf in Resources */,
				670087B42BDF637E000EB39C /* Main.storyboard in Resources */,
				670087B52BDF637E000EB39C /* LaunchScreen.storyboard in Resources */,
				95ACE6A72BE0A82000E935EC /* InspiringQuote.json in Resources */,
				95ACE6A42BE0A5E800E935EC /* Roboto-Black.ttf in Resources */,
				67811DD32BF003EF00BB816F /* MyDiaryFlow.storyboard in Resources */,
				67A883AE2C100AD600B970C2 /* GoogleService-Info.plist in Resources */,
			);
			runOnlyForDeploymentPostprocessing = 0;
		};
/* End PBXResourcesBuildPhase section */

/* Begin PBXSourcesBuildPhase section */
		953A64E52B6EDFA000651684 /* Sources */ = {
			isa = PBXSourcesBuildPhase;
			buildActionMask = 2147483647;
			files = (
				95D293B72BCF9C6700017E03 /* NSObject+Extension.swift in Sources */,
				67F064952B9D0DE200400013 /* FBNetworkLayer.swift in Sources */,
				95D293BB2BCF9CAF00017E03 /* CalendarPopUpView.swift in Sources */,
				67811DD62BF00AA200BB816F /* MyDiaryRecordViewController.swift in Sources */,
				95C72BE92BD6404E00ED178F /* LoginConfirmViewController.swift in Sources */,
				95433A102BC63A860003C584 /* String+Extension.swift in Sources */,
				95B1CF0A2B71E58B00101423 /* UIImage+Extension.swift in Sources */,
				953A64F12B6EDFA000651684 /* HomeViewController.swift in Sources */,
				95C804372BD9BA0C00743FA5 /* CustomSelectButton.swift in Sources */,
				95BCED602BEDC8D600E6CAFE /* TKRadarChart.swift in Sources */,
				95C72BE32BD63F0000ED178F /* LoginGenderViewController.swift in Sources */,
				95D293A42BCD0CB800017E03 /* LoginManager.swift in Sources */,
				95B1CF082B6FE87500101423 /* FeedbackViewController.swift in Sources */,
				95B1CF112B72023200101423 /* AccountHomeViewController.swift in Sources */,
				957C02D22B6F77F900DE21DE /* SurveyListViewController.swift in Sources */,
				67E525402BBA262B00C27F21 /* TestingInformation.swift in Sources */,
				953A64ED2B6EDFA000651684 /* AppDelegate.swift in Sources */,
				95C72BEB2BD753B900ED178F /* LoginAgeViewController.swift in Sources */,
				95ACE6A92BE0A99100E935EC /* InspiringQuote.swift in Sources */,
				95433A132BC6558C0003C584 /* SignUpViewController.swift in Sources */,
				95C72BE52BD63FAA00ED178F /* LoginStatusViewController.swift in Sources */,
				67F71C752BEB22310008BFA5 /* SurveyEntryViewController.swift in Sources */,
				67E525452BBA28C000C27F21 /* SurveyNextButtonCell.swift in Sources */,
				9593C2782BFC36A0000FF790 /* Optional+Extensions.swift in Sources */,
				67F71C792BEC31A90008BFA5 /* DiarcyCell.swift in Sources */,
				95C804392BD9C8F500743FA5 /* LoginNickNameViewController.swift in Sources */,
				67A883B02C116E4900B970C2 /* MyDay.swift in Sources */,
				67A55E192BC7990500E579D4 /* SurveyResultViewController.swift in Sources */,
				67A1C7C12C212C8C008F9FDA /* MyDiaryItem.swift in Sources */,
				957720492BC7AC280026DC91 /* HomeTabBarController.swift in Sources */,
				67EE78DA2BF3350A00478D44 /* MyDiaryTextViewController.swift in Sources */,
				95D293B92BCF9C8E00017E03 /* UIView+Extention.swift in Sources */,
				9593C27B2C0068F2000FF790 /* HomeTabBar.swift in Sources */,
				67A883B22C11750300B970C2 /* Date+Extension.swift in Sources */,
				95433A0E2BBF98C10003C584 /* DayViewController.swift in Sources */,
				9561FE122BAD2EAB00345642 /* UIColor+Extension.swift in Sources */,
				67F5EC4F2BFD2A9900A63A0B /* Error+Extension.swift in Sources */,
				95433A082BBE69810003C584 /* UIViewController+Extension.swift in Sources */,
				95C72BE72BD6400700ED178F /* LoginEthnicityViewController.swift in Sources */,
				670400E32BF56B9B00BC65CA /* UserInformation.swift in Sources */,
				6786E2FC2C2B8015002A23FB /* DangerView.swift in Sources */,
				953A64EF2B6EDFA000651684 /* SceneDelegate.swift in Sources */,
				95733CB52BA8296300FD2215 /* UILabel+Extension.swift in Sources */,
				67F064992B9D1D5C00400013 /* MentalHealthQuestion.swift in Sources */,
				67E525422BBA285200C27F21 /* CellReusable+Extension.swift in Sources */,
				95D293AC2BCE36B000017E03 /* MyDiaryViewController.swift in Sources */,
				674EFBAD2BF4167000107789 /* UIButton+Extension.swift in Sources */,
				6700875B2BDF4E94000EB39C /* UIFont+Extension.swift in Sources */,
				95D293A22BCD038200017E03 /* LogInViewController.swift in Sources */,
				67E5253D2BBA1BFB00C27F21 /* SurveyListViewCell.swift in Sources */,
				95D293B32BCF976000017E03 /* CalendarPopUpViewController.swift in Sources */,
			);
			runOnlyForDeploymentPostprocessing = 0;
		};
/* End PBXSourcesBuildPhase section */

/* Begin PBXVariantGroup section */
		953A64F22B6EDFA000651684 /* Main.storyboard */ = {
			isa = PBXVariantGroup;
			children = (
				953A64F32B6EDFA000651684 /* Base */,
			);
			name = Main.storyboard;
			sourceTree = "<group>";
		};
		953A64F72B6EDFA200651684 /* LaunchScreen.storyboard */ = {
			isa = PBXVariantGroup;
			children = (
				953A64F82B6EDFA200651684 /* Base */,
			);
			name = LaunchScreen.storyboard;
			sourceTree = "<group>";
		};
/* End PBXVariantGroup section */

/* Begin XCBuildConfiguration section */
		953A64FB2B6EDFA200651684 /* Debug */ = {
			isa = XCBuildConfiguration;
			buildSettings = {
				ALWAYS_SEARCH_USER_PATHS = NO;
				CLANG_ANALYZER_NONNULL = YES;
				CLANG_ANALYZER_NUMBER_OBJECT_CONVERSION = YES_AGGRESSIVE;
				CLANG_CXX_LANGUAGE_STANDARD = "gnu++20";
				CLANG_ENABLE_MODULES = YES;
				CLANG_ENABLE_OBJC_ARC = YES;
				CLANG_ENABLE_OBJC_WEAK = YES;
				CLANG_WARN_BLOCK_CAPTURE_AUTORELEASING = YES;
				CLANG_WARN_BOOL_CONVERSION = YES;
				CLANG_WARN_COMMA = YES;
				CLANG_WARN_CONSTANT_CONVERSION = YES;
				CLANG_WARN_DEPRECATED_OBJC_IMPLEMENTATIONS = YES;
				CLANG_WARN_DIRECT_OBJC_ISA_USAGE = YES_ERROR;
				CLANG_WARN_DOCUMENTATION_COMMENTS = YES;
				CLANG_WARN_EMPTY_BODY = YES;
				CLANG_WARN_ENUM_CONVERSION = YES;
				CLANG_WARN_INFINITE_RECURSION = YES;
				CLANG_WARN_INT_CONVERSION = YES;
				CLANG_WARN_NON_LITERAL_NULL_CONVERSION = YES;
				CLANG_WARN_OBJC_IMPLICIT_RETAIN_SELF = YES;
				CLANG_WARN_OBJC_LITERAL_CONVERSION = YES;
				CLANG_WARN_OBJC_ROOT_CLASS = YES_ERROR;
				CLANG_WARN_QUOTED_INCLUDE_IN_FRAMEWORK_HEADER = YES;
				CLANG_WARN_RANGE_LOOP_ANALYSIS = YES;
				CLANG_WARN_STRICT_PROTOTYPES = YES;
				CLANG_WARN_SUSPICIOUS_MOVE = YES;
				CLANG_WARN_UNGUARDED_AVAILABILITY = YES_AGGRESSIVE;
				CLANG_WARN_UNREACHABLE_CODE = YES;
				CLANG_WARN__DUPLICATE_METHOD_MATCH = YES;
				COPY_PHASE_STRIP = NO;
				DEBUG_INFORMATION_FORMAT = dwarf;
				ENABLE_STRICT_OBJC_MSGSEND = YES;
				ENABLE_TESTABILITY = YES;
				ENABLE_USER_SCRIPT_SANDBOXING = YES;
				GCC_C_LANGUAGE_STANDARD = gnu11;
				GCC_DYNAMIC_NO_PIC = NO;
				GCC_NO_COMMON_BLOCKS = YES;
				GCC_OPTIMIZATION_LEVEL = 0;
				GCC_PREPROCESSOR_DEFINITIONS = (
					"DEBUG=1",
					"$(inherited)",
				);
				GCC_WARN_64_TO_32_BIT_CONVERSION = YES;
				GCC_WARN_ABOUT_RETURN_TYPE = YES_ERROR;
				GCC_WARN_UNDECLARED_SELECTOR = YES;
				GCC_WARN_UNINITIALIZED_AUTOS = YES_AGGRESSIVE;
				GCC_WARN_UNUSED_FUNCTION = YES;
				GCC_WARN_UNUSED_VARIABLE = YES;
				IPHONEOS_DEPLOYMENT_TARGET = 15.0;
				MTL_ENABLE_DEBUG_INFO = INCLUDE_SOURCE;
				MTL_FAST_MATH = YES;
				ONLY_ACTIVE_ARCH = YES;
				SDKROOT = iphoneos;
				SWIFT_ACTIVE_COMPILATION_CONDITIONS = DEBUG;
				SWIFT_OPTIMIZATION_LEVEL = "-Onone";
			};
			name = Debug;
		};
		953A64FC2B6EDFA200651684 /* Release */ = {
			isa = XCBuildConfiguration;
			buildSettings = {
				ALWAYS_SEARCH_USER_PATHS = NO;
				CLANG_ANALYZER_NONNULL = YES;
				CLANG_ANALYZER_NUMBER_OBJECT_CONVERSION = YES_AGGRESSIVE;
				CLANG_CXX_LANGUAGE_STANDARD = "gnu++20";
				CLANG_ENABLE_MODULES = YES;
				CLANG_ENABLE_OBJC_ARC = YES;
				CLANG_ENABLE_OBJC_WEAK = YES;
				CLANG_WARN_BLOCK_CAPTURE_AUTORELEASING = YES;
				CLANG_WARN_BOOL_CONVERSION = YES;
				CLANG_WARN_COMMA = YES;
				CLANG_WARN_CONSTANT_CONVERSION = YES;
				CLANG_WARN_DEPRECATED_OBJC_IMPLEMENTATIONS = YES;
				CLANG_WARN_DIRECT_OBJC_ISA_USAGE = YES_ERROR;
				CLANG_WARN_DOCUMENTATION_COMMENTS = YES;
				CLANG_WARN_EMPTY_BODY = YES;
				CLANG_WARN_ENUM_CONVERSION = YES;
				CLANG_WARN_INFINITE_RECURSION = YES;
				CLANG_WARN_INT_CONVERSION = YES;
				CLANG_WARN_NON_LITERAL_NULL_CONVERSION = YES;
				CLANG_WARN_OBJC_IMPLICIT_RETAIN_SELF = YES;
				CLANG_WARN_OBJC_LITERAL_CONVERSION = YES;
				CLANG_WARN_OBJC_ROOT_CLASS = YES_ERROR;
				CLANG_WARN_QUOTED_INCLUDE_IN_FRAMEWORK_HEADER = YES;
				CLANG_WARN_RANGE_LOOP_ANALYSIS = YES;
				CLANG_WARN_STRICT_PROTOTYPES = YES;
				CLANG_WARN_SUSPICIOUS_MOVE = YES;
				CLANG_WARN_UNGUARDED_AVAILABILITY = YES_AGGRESSIVE;
				CLANG_WARN_UNREACHABLE_CODE = YES;
				CLANG_WARN__DUPLICATE_METHOD_MATCH = YES;
				COPY_PHASE_STRIP = NO;
				DEBUG_INFORMATION_FORMAT = "dwarf-with-dsym";
				ENABLE_NS_ASSERTIONS = NO;
				ENABLE_STRICT_OBJC_MSGSEND = YES;
				ENABLE_USER_SCRIPT_SANDBOXING = YES;
				GCC_C_LANGUAGE_STANDARD = gnu11;
				GCC_NO_COMMON_BLOCKS = YES;
				GCC_WARN_64_TO_32_BIT_CONVERSION = YES;
				GCC_WARN_ABOUT_RETURN_TYPE = YES_ERROR;
				GCC_WARN_UNDECLARED_SELECTOR = YES;
				GCC_WARN_UNINITIALIZED_AUTOS = YES_AGGRESSIVE;
				GCC_WARN_UNUSED_FUNCTION = YES;
				GCC_WARN_UNUSED_VARIABLE = YES;
				IPHONEOS_DEPLOYMENT_TARGET = 15.0;
				MTL_ENABLE_DEBUG_INFO = NO;
				MTL_FAST_MATH = YES;
				SDKROOT = iphoneos;
				SWIFT_COMPILATION_MODE = wholemodule;
				SWIFT_OPTIMIZATION_LEVEL = "-O";
				VALIDATE_PRODUCT = YES;
			};
			name = Release;
		};
		953A64FE2B6EDFA200651684 /* Debug */ = {
			isa = XCBuildConfiguration;
			buildSettings = {
				ASSETCATALOG_COMPILER_APPICON_NAME = AppIcon;
				ASSETCATALOG_COMPILER_GLOBAL_ACCENT_COLOR_NAME = AccentColor;
				CODE_SIGN_ENTITLEMENTS = MentalHealth/MentalHealth.entitlements;
				CODE_SIGN_IDENTITY = "Apple Development";
				CODE_SIGN_STYLE = Automatic;
				CURRENT_PROJECT_VERSION = 1;
				DEVELOPMENT_ASSET_PATHS = MentalHealth/Assets/Assets.xcassets;
				DEVELOPMENT_TEAM = M5Z7JPLW6N;
				GENERATE_INFOPLIST_FILE = YES;
				INFOPLIST_FILE = "$(SRCROOT)/MentalHealth/Info.plist";
				INFOPLIST_KEY_LSApplicationCategoryType = "public.app-category.healthcare-fitness";
				INFOPLIST_KEY_UIApplicationSupportsIndirectInputEvents = YES;
				INFOPLIST_KEY_UILaunchStoryboardName = LaunchScreen.storyboard;
				INFOPLIST_KEY_UIMainStoryboardFile = Main;
				INFOPLIST_KEY_UIStatusBarStyle = "";
				INFOPLIST_KEY_UISupportedInterfaceOrientations = UIInterfaceOrientationPortrait;
				IPHONEOS_DEPLOYMENT_TARGET = 15.0;
				LD_RUNPATH_SEARCH_PATHS = (
					"$(inherited)",
					"@executable_path/Frameworks",
				);
				MARKETING_VERSION = 1.0;
				PRODUCT_BUNDLE_IDENTIFIER = "com.dennis-hong.MentalHealth";
				PRODUCT_NAME = "$(TARGET_NAME)";
				PROVISIONING_PROFILE_SPECIFIER = "";
				SUPPORTED_PLATFORMS = "iphoneos iphonesimulator";
				SUPPORTS_MACCATALYST = NO;
				SUPPORTS_MAC_DESIGNED_FOR_IPHONE_IPAD = NO;
				SUPPORTS_XR_DESIGNED_FOR_IPHONE_IPAD = NO;
				SWIFT_EMIT_LOC_STRINGS = YES;
				SWIFT_VERSION = 5.0;
				TARGETED_DEVICE_FAMILY = "1,2";
			};
			name = Debug;
		};
		953A64FF2B6EDFA200651684 /* Release */ = {
			isa = XCBuildConfiguration;
			buildSettings = {
				ASSETCATALOG_COMPILER_APPICON_NAME = AppIcon;
				ASSETCATALOG_COMPILER_GLOBAL_ACCENT_COLOR_NAME = AccentColor;
				CODE_SIGN_ENTITLEMENTS = MentalHealth/MentalHealth.entitlements;
				CODE_SIGN_IDENTITY = "Apple Development";
				CODE_SIGN_STYLE = Automatic;
				CURRENT_PROJECT_VERSION = 1;
				DEVELOPMENT_ASSET_PATHS = MentalHealth/Assets/Assets.xcassets;
				DEVELOPMENT_TEAM = M5Z7JPLW6N;
				GENERATE_INFOPLIST_FILE = YES;
				INFOPLIST_FILE = "$(SRCROOT)/MentalHealth/Info.plist";
				INFOPLIST_KEY_LSApplicationCategoryType = "public.app-category.healthcare-fitness";
				INFOPLIST_KEY_UIApplicationSupportsIndirectInputEvents = YES;
				INFOPLIST_KEY_UILaunchStoryboardName = LaunchScreen.storyboard;
				INFOPLIST_KEY_UIMainStoryboardFile = Main;
				INFOPLIST_KEY_UIStatusBarStyle = "";
				INFOPLIST_KEY_UISupportedInterfaceOrientations = UIInterfaceOrientationPortrait;
				IPHONEOS_DEPLOYMENT_TARGET = 15.0;
				LD_RUNPATH_SEARCH_PATHS = (
					"$(inherited)",
					"@executable_path/Frameworks",
				);
				MARKETING_VERSION = 1.0;
				PRODUCT_BUNDLE_IDENTIFIER = "com.dennis-hong.MentalHealth";
				PRODUCT_NAME = "$(TARGET_NAME)";
				PROVISIONING_PROFILE_SPECIFIER = "";
				SUPPORTED_PLATFORMS = "iphoneos iphonesimulator";
				SUPPORTS_MACCATALYST = NO;
				SUPPORTS_MAC_DESIGNED_FOR_IPHONE_IPAD = NO;
				SUPPORTS_XR_DESIGNED_FOR_IPHONE_IPAD = NO;
				SWIFT_EMIT_LOC_STRINGS = YES;
				SWIFT_VERSION = 5.0;
				TARGETED_DEVICE_FAMILY = "1,2";
			};
			name = Release;
		};
/* End XCBuildConfiguration section */

/* Begin XCConfigurationList section */
		953A64E42B6EDFA000651684 /* Build configuration list for PBXProject "MentalHealth" */ = {
			isa = XCConfigurationList;
			buildConfigurations = (
				953A64FB2B6EDFA200651684 /* Debug */,
				953A64FC2B6EDFA200651684 /* Release */,
			);
			defaultConfigurationIsVisible = 0;
			defaultConfigurationName = Release;
		};
		953A64FD2B6EDFA200651684 /* Build configuration list for PBXNativeTarget "MentalHealth" */ = {
			isa = XCConfigurationList;
			buildConfigurations = (
				953A64FE2B6EDFA200651684 /* Debug */,
				953A64FF2B6EDFA200651684 /* Release */,
			);
			defaultConfigurationIsVisible = 0;
			defaultConfigurationName = Release;
		};
/* End XCConfigurationList section */

/* Begin XCRemoteSwiftPackageReference section */
		952DD53D2C1E224B005318CA /* XCRemoteSwiftPackageReference "Charts" */ = {
			isa = XCRemoteSwiftPackageReference;
			repositoryURL = "https://github.com/ChartsOrg/Charts.git";
			requirement = {
				kind = upToNextMajorVersion;
				minimumVersion = 5.1.0;
			};
		};
		9577204A2BC8CB4B0026DC91 /* XCRemoteSwiftPackageReference "FSCalendar" */ = {
			isa = XCRemoteSwiftPackageReference;
			repositoryURL = "https://github.com/WenchaoD/FSCalendar.git";
			requirement = {
				kind = exactVersion;
				version = 2.8.4;
			};
		};
		95B1CEF32B6F97DB00101423 /* XCRemoteSwiftPackageReference "IQKeyboardManager" */ = {
			isa = XCRemoteSwiftPackageReference;
			repositoryURL = "https://github.com/hackiftekhar/IQKeyboardManager.git";
			requirement = {
				kind = exactVersion;
				version = 7.0.0;
			};
		};
		95B1CEF92B6FD87600101423 /* XCRemoteSwiftPackageReference "firebase-ios-sdk" */ = {
			isa = XCRemoteSwiftPackageReference;
			repositoryURL = "https://github.com/firebase/firebase-ios-sdk";
			requirement = {
				kind = exactVersion;
				version = 10.0.0;
			};
		};
		95D293A52BCE347100017E03 /* XCRemoteSwiftPackageReference "SwiftEntryKit" */ = {
			isa = XCRemoteSwiftPackageReference;
			repositoryURL = "https://github.com/huri000/SwiftEntryKit";
			requirement = {
				kind = exactVersion;
				version = 2.0.0;
			};
		};
/* End XCRemoteSwiftPackageReference section */

/* Begin XCSwiftPackageProductDependency section */
		952DD53E2C1E224B005318CA /* DGCharts */ = {
			isa = XCSwiftPackageProductDependency;
			package = 952DD53D2C1E224B005318CA /* XCRemoteSwiftPackageReference "Charts" */;
			productName = DGCharts;
		};
		952DD5402C1E224B005318CA /* DGChartsDynamic */ = {
			isa = XCSwiftPackageProductDependency;
			package = 952DD53D2C1E224B005318CA /* XCRemoteSwiftPackageReference "Charts" */;
			productName = DGChartsDynamic;
		};
		9577204B2BC8CB4B0026DC91 /* FSCalendar */ = {
			isa = XCSwiftPackageProductDependency;
			package = 9577204A2BC8CB4B0026DC91 /* XCRemoteSwiftPackageReference "FSCalendar" */;
			productName = FSCalendar;
		};
		95B1CEF42B6F97DB00101423 /* IQKeyboardManagerSwift */ = {
			isa = XCSwiftPackageProductDependency;
			package = 95B1CEF32B6F97DB00101423 /* XCRemoteSwiftPackageReference "IQKeyboardManager" */;
			productName = IQKeyboardManagerSwift;
		};
		95B1CEFC2B6FD87600101423 /* FirebaseAuth */ = {
			isa = XCSwiftPackageProductDependency;
			package = 95B1CEF92B6FD87600101423 /* XCRemoteSwiftPackageReference "firebase-ios-sdk" */;
			productName = FirebaseAuth;
		};
		95B1CEFE2B6FD87600101423 /* FirebaseDatabase */ = {
			isa = XCSwiftPackageProductDependency;
			package = 95B1CEF92B6FD87600101423 /* XCRemoteSwiftPackageReference "firebase-ios-sdk" */;
			productName = FirebaseDatabase;
		};
		95B1CF002B6FD87600101423 /* FirebaseFirestore */ = {
			isa = XCSwiftPackageProductDependency;
			package = 95B1CEF92B6FD87600101423 /* XCRemoteSwiftPackageReference "firebase-ios-sdk" */;
			productName = FirebaseFirestore;
		};
		95B1CF022B6FD87700101423 /* FirebaseStorage */ = {
			isa = XCSwiftPackageProductDependency;
			package = 95B1CEF92B6FD87600101423 /* XCRemoteSwiftPackageReference "firebase-ios-sdk" */;
			productName = FirebaseStorage;
		};
		95D293A62BCE347100017E03 /* SwiftEntryKit */ = {
			isa = XCSwiftPackageProductDependency;
			package = 95D293A52BCE347100017E03 /* XCRemoteSwiftPackageReference "SwiftEntryKit" */;
			productName = SwiftEntryKit;
		};
/* End XCSwiftPackageProductDependency section */
	};
	rootObject = 953A64E12B6EDFA000651684 /* Project object */;
}
